// !$*UTF8*$!
{
	archiveVersion = 1;
	classes = {
	};
	objectVersion = 42;
	objects = {

/* Begin PBXBuildFile section */
		6658DF4917460D7300EDEBF1 /* libturbojpeg.dylib in Frameworks */ = {isa = PBXBuildFile; fileRef = 6658DE8E17460D7200EDEBF1 /* libturbojpeg.dylib */; };
		6658DF4A17460D7300EDEBF1 /* ofxTurboJpeg.cpp in Sources */ = {isa = PBXBuildFile; fileRef = 6658DE9117460D7200EDEBF1 /* ofxTurboJpeg.cpp */; };
		6658DF4D17460D7300EDEBF1 /* address.cpp in Sources */ = {isa = PBXBuildFile; fileRef = 6658DEAB17460D7200EDEBF1 /* address.cpp */; };
		6658DF4E17460D7300EDEBF1 /* clock.cpp in Sources */ = {isa = PBXBuildFile; fileRef = 6658DEB117460D7200EDEBF1 /* clock.cpp */; };
		6658DF4F17460D7300EDEBF1 /* ctx.cpp in Sources */ = {isa = PBXBuildFile; fileRef = 6658DEB517460D7200EDEBF1 /* ctx.cpp */; };
		6658DF5017460D7300EDEBF1 /* dealer.cpp in Sources */ = {isa = PBXBuildFile; fileRef = 6658DEB717460D7200EDEBF1 /* dealer.cpp */; };
		6658DF5117460D7300EDEBF1 /* decoder.cpp in Sources */ = {isa = PBXBuildFile; fileRef = 6658DEB917460D7200EDEBF1 /* decoder.cpp */; };
		6658DF5217460D7300EDEBF1 /* device.cpp in Sources */ = {isa = PBXBuildFile; fileRef = 6658DEBB17460D7200EDEBF1 /* device.cpp */; };
		6658DF5317460D7300EDEBF1 /* devpoll.cpp in Sources */ = {isa = PBXBuildFile; fileRef = 6658DEBD17460D7200EDEBF1 /* devpoll.cpp */; };
		6658DF5417460D7300EDEBF1 /* dist.cpp in Sources */ = {isa = PBXBuildFile; fileRef = 6658DEBF17460D7200EDEBF1 /* dist.cpp */; };
		6658DF5517460D7300EDEBF1 /* encoder.cpp in Sources */ = {isa = PBXBuildFile; fileRef = 6658DEC117460D7200EDEBF1 /* encoder.cpp */; };
		6658DF5617460D7300EDEBF1 /* epoll.cpp in Sources */ = {isa = PBXBuildFile; fileRef = 6658DEC317460D7200EDEBF1 /* epoll.cpp */; };
		6658DF5717460D7300EDEBF1 /* err.cpp in Sources */ = {isa = PBXBuildFile; fileRef = 6658DEC517460D7200EDEBF1 /* err.cpp */; };
		6658DF5817460D7300EDEBF1 /* fq.cpp in Sources */ = {isa = PBXBuildFile; fileRef = 6658DEC817460D7200EDEBF1 /* fq.cpp */; };
		6658DF5917460D7300EDEBF1 /* io_object.cpp in Sources */ = {isa = PBXBuildFile; fileRef = 6658DECC17460D7200EDEBF1 /* io_object.cpp */; };
		6658DF5A17460D7300EDEBF1 /* io_thread.cpp in Sources */ = {isa = PBXBuildFile; fileRef = 6658DECE17460D7200EDEBF1 /* io_thread.cpp */; };
		6658DF5B17460D7300EDEBF1 /* ip.cpp in Sources */ = {isa = PBXBuildFile; fileRef = 6658DED017460D7200EDEBF1 /* ip.cpp */; };
		6658DF5C17460D7300EDEBF1 /* ipc_address.cpp in Sources */ = {isa = PBXBuildFile; fileRef = 6658DED217460D7200EDEBF1 /* ipc_address.cpp */; };
		6658DF5D17460D7300EDEBF1 /* ipc_connecter.cpp in Sources */ = {isa = PBXBuildFile; fileRef = 6658DED417460D7200EDEBF1 /* ipc_connecter.cpp */; };
		6658DF5E17460D7300EDEBF1 /* ipc_listener.cpp in Sources */ = {isa = PBXBuildFile; fileRef = 6658DED617460D7200EDEBF1 /* ipc_listener.cpp */; };
		6658DF5F17460D7300EDEBF1 /* kqueue.cpp in Sources */ = {isa = PBXBuildFile; fileRef = 6658DED817460D7200EDEBF1 /* kqueue.cpp */; };
		6658DF6017460D7300EDEBF1 /* lb.cpp in Sources */ = {isa = PBXBuildFile; fileRef = 6658DEDA17460D7200EDEBF1 /* lb.cpp */; };
		6658DF6117460D7300EDEBF1 /* mailbox.cpp in Sources */ = {isa = PBXBuildFile; fileRef = 6658DEDD17460D7200EDEBF1 /* mailbox.cpp */; };
		6658DF6217460D7300EDEBF1 /* msg.cpp in Sources */ = {isa = PBXBuildFile; fileRef = 6658DEDF17460D7200EDEBF1 /* msg.cpp */; };
		6658DF6317460D7300EDEBF1 /* mtrie.cpp in Sources */ = {isa = PBXBuildFile; fileRef = 6658DEE117460D7200EDEBF1 /* mtrie.cpp */; };
		6658DF6417460D7300EDEBF1 /* object.cpp in Sources */ = {isa = PBXBuildFile; fileRef = 6658DEE417460D7200EDEBF1 /* object.cpp */; };
		6658DF6517460D7300EDEBF1 /* options.cpp in Sources */ = {isa = PBXBuildFile; fileRef = 6658DEE617460D7200EDEBF1 /* options.cpp */; };
		6658DF6617460D7300EDEBF1 /* own.cpp in Sources */ = {isa = PBXBuildFile; fileRef = 6658DEE817460D7200EDEBF1 /* own.cpp */; };
		6658DF6717460D7300EDEBF1 /* pair.cpp in Sources */ = {isa = PBXBuildFile; fileRef = 6658DEEA17460D7200EDEBF1 /* pair.cpp */; };
		6658DF6817460D7300EDEBF1 /* pgm_receiver.cpp in Sources */ = {isa = PBXBuildFile; fileRef = 6658DEEC17460D7200EDEBF1 /* pgm_receiver.cpp */; };
		6658DF6917460D7300EDEBF1 /* pgm_sender.cpp in Sources */ = {isa = PBXBuildFile; fileRef = 6658DEEE17460D7200EDEBF1 /* pgm_sender.cpp */; };
		6658DF6A17460D7300EDEBF1 /* pgm_socket.cpp in Sources */ = {isa = PBXBuildFile; fileRef = 6658DEF017460D7200EDEBF1 /* pgm_socket.cpp */; };
		6658DF6B17460D7300EDEBF1 /* pipe.cpp in Sources */ = {isa = PBXBuildFile; fileRef = 6658DEF217460D7200EDEBF1 /* pipe.cpp */; };
		6658DF6C17460D7300EDEBF1 /* poll.cpp in Sources */ = {isa = PBXBuildFile; fileRef = 6658DEF517460D7200EDEBF1 /* poll.cpp */; };
		6658DF6D17460D7300EDEBF1 /* poller_base.cpp in Sources */ = {isa = PBXBuildFile; fileRef = 6658DEF817460D7200EDEBF1 /* poller_base.cpp */; };
		6658DF6E17460D7300EDEBF1 /* precompiled.cpp in Sources */ = {isa = PBXBuildFile; fileRef = 6658DEFA17460D7200EDEBF1 /* precompiled.cpp */; };
		6658DF6F17460D7300EDEBF1 /* pub.cpp in Sources */ = {isa = PBXBuildFile; fileRef = 6658DEFC17460D7200EDEBF1 /* pub.cpp */; };
		6658DF7017460D7300EDEBF1 /* pull.cpp in Sources */ = {isa = PBXBuildFile; fileRef = 6658DEFE17460D7200EDEBF1 /* pull.cpp */; };
		6658DF7117460D7300EDEBF1 /* push.cpp in Sources */ = {isa = PBXBuildFile; fileRef = 6658DF0017460D7200EDEBF1 /* push.cpp */; };
		6658DF7217460D7300EDEBF1 /* random.cpp in Sources */ = {isa = PBXBuildFile; fileRef = 6658DF0217460D7200EDEBF1 /* random.cpp */; };
		6658DF7317460D7300EDEBF1 /* reaper.cpp in Sources */ = {isa = PBXBuildFile; fileRef = 6658DF0417460D7300EDEBF1 /* reaper.cpp */; };
		6658DF7417460D7300EDEBF1 /* rep.cpp in Sources */ = {isa = PBXBuildFile; fileRef = 6658DF0617460D7300EDEBF1 /* rep.cpp */; };
		6658DF7517460D7300EDEBF1 /* req.cpp in Sources */ = {isa = PBXBuildFile; fileRef = 6658DF0817460D7300EDEBF1 /* req.cpp */; };
		6658DF7617460D7300EDEBF1 /* router.cpp in Sources */ = {isa = PBXBuildFile; fileRef = 6658DF0A17460D7300EDEBF1 /* router.cpp */; };
		6658DF7717460D7300EDEBF1 /* select.cpp in Sources */ = {isa = PBXBuildFile; fileRef = 6658DF0C17460D7300EDEBF1 /* select.cpp */; };
		6658DF7817460D7300EDEBF1 /* session_base.cpp in Sources */ = {isa = PBXBuildFile; fileRef = 6658DF0E17460D7300EDEBF1 /* session_base.cpp */; };
		6658DF7917460D7300EDEBF1 /* signaler.cpp in Sources */ = {isa = PBXBuildFile; fileRef = 6658DF1017460D7300EDEBF1 /* signaler.cpp */; };
		6658DF7A17460D7300EDEBF1 /* socket_base.cpp in Sources */ = {isa = PBXBuildFile; fileRef = 6658DF1217460D7300EDEBF1 /* socket_base.cpp */; };
		6658DF7B17460D7300EDEBF1 /* stream_engine.cpp in Sources */ = {isa = PBXBuildFile; fileRef = 6658DF1517460D7300EDEBF1 /* stream_engine.cpp */; };
		6658DF7C17460D7300EDEBF1 /* sub.cpp in Sources */ = {isa = PBXBuildFile; fileRef = 6658DF1717460D7300EDEBF1 /* sub.cpp */; };
		6658DF7D17460D7300EDEBF1 /* tcp_address.cpp in Sources */ = {isa = PBXBuildFile; fileRef = 6658DF1917460D7300EDEBF1 /* tcp_address.cpp */; };
		6658DF7E17460D7300EDEBF1 /* tcp_connecter.cpp in Sources */ = {isa = PBXBuildFile; fileRef = 6658DF1B17460D7300EDEBF1 /* tcp_connecter.cpp */; };
		6658DF7F17460D7300EDEBF1 /* tcp_listener.cpp in Sources */ = {isa = PBXBuildFile; fileRef = 6658DF1D17460D7300EDEBF1 /* tcp_listener.cpp */; };
		6658DF8017460D7300EDEBF1 /* thread.cpp in Sources */ = {isa = PBXBuildFile; fileRef = 6658DF1F17460D7300EDEBF1 /* thread.cpp */; };
		6658DF8117460D7300EDEBF1 /* trie.cpp in Sources */ = {isa = PBXBuildFile; fileRef = 6658DF2117460D7300EDEBF1 /* trie.cpp */; };
		6658DF8217460D7300EDEBF1 /* xpub.cpp in Sources */ = {isa = PBXBuildFile; fileRef = 6658DF2517460D7300EDEBF1 /* xpub.cpp */; };
		6658DF8317460D7300EDEBF1 /* xsub.cpp in Sources */ = {isa = PBXBuildFile; fileRef = 6658DF2717460D7300EDEBF1 /* xsub.cpp */; };
		6658DF8417460D7300EDEBF1 /* zmq.cpp in Sources */ = {isa = PBXBuildFile; fileRef = 6658DF2B17460D7300EDEBF1 /* zmq.cpp */; };
		6658DF8517460D7300EDEBF1 /* zmq_utils.cpp in Sources */ = {isa = PBXBuildFile; fileRef = 6658DF2C17460D7300EDEBF1 /* zmq_utils.cpp */; };
		6658DF8617460D7300EDEBF1 /* ofxZmq.cpp in Sources */ = {isa = PBXBuildFile; fileRef = 6658DF2E17460D7300EDEBF1 /* ofxZmq.cpp */; };
		6658DF8717460D7300EDEBF1 /* ofxZmqPair.cpp in Sources */ = {isa = PBXBuildFile; fileRef = 6658DF3117460D7300EDEBF1 /* ofxZmqPair.cpp */; };
		6658DF8817460D7300EDEBF1 /* ofxZmqPublisher.cpp in Sources */ = {isa = PBXBuildFile; fileRef = 6658DF3317460D7300EDEBF1 /* ofxZmqPublisher.cpp */; };
		6658DF8917460D7300EDEBF1 /* ofxZmqReply.cpp in Sources */ = {isa = PBXBuildFile; fileRef = 6658DF3517460D7300EDEBF1 /* ofxZmqReply.cpp */; };
		6658DF8A17460D7300EDEBF1 /* ofxZmqRequest.cpp in Sources */ = {isa = PBXBuildFile; fileRef = 6658DF3717460D7300EDEBF1 /* ofxZmqRequest.cpp */; };
		6658DF8B17460D7300EDEBF1 /* ofxZmqSocket.cpp in Sources */ = {isa = PBXBuildFile; fileRef = 6658DF3917460D7300EDEBF1 /* ofxZmqSocket.cpp */; };
		6658DF8C17460D7300EDEBF1 /* ofxZmqSubscriber.cpp in Sources */ = {isa = PBXBuildFile; fileRef = 6658DF3B17460D7300EDEBF1 /* ofxZmqSubscriber.cpp */; };
		6658DFCE17460DAC00EDEBF1 /* ofxPublishScreen.cpp in Sources */ = {isa = PBXBuildFile; fileRef = 6658DFB917460DAC00EDEBF1 /* ofxPublishScreen.cpp */; };
		6658DFD817460DEB00EDEBF1 /* libturbojpeg.dylib in CopyFiles */ = {isa = PBXBuildFile; fileRef = 6658DE8E17460D7200EDEBF1 /* libturbojpeg.dylib */; };
		666F2550174634A7005290D4 /* Syphon.framework in Frameworks */ = {isa = PBXBuildFile; fileRef = 666F2543174634A7005290D4 /* Syphon.framework */; };
		666F2551174634A7005290D4 /* SyphonNameboundClient.m in Sources */ = {isa = PBXBuildFile; fileRef = 666F2546174634A7005290D4 /* SyphonNameboundClient.m */; };
		666F2552174634A7005290D4 /* ofxSyphonClient.mm in Sources */ = {isa = PBXBuildFile; fileRef = 666F254A174634A7005290D4 /* ofxSyphonClient.mm */; };
		666F2553174634A7005290D4 /* ofxSyphonServer.mm in Sources */ = {isa = PBXBuildFile; fileRef = 666F254C174634A7005290D4 /* ofxSyphonServer.mm */; };
		666F2555174634F9005290D4 /* Syphon.framework in CopyFiles */ = {isa = PBXBuildFile; fileRef = 666F2543174634A7005290D4 /* Syphon.framework */; };
		666F25FB17488D6D005290D4 /* pbrRec.icns in CopyFiles */ = {isa = PBXBuildFile; fileRef = 666F25F317488C0D005290D4 /* pbrRec.icns */; };
		BBAB23CB13894F3D00AA2426 /* GLUT.framework in CopyFiles */ = {isa = PBXBuildFile; fileRef = BBAB23BE13894E4700AA2426 /* GLUT.framework */; };
		E4328149138ABC9F0047C5CB /* openFrameworksDebug.a in Frameworks */ = {isa = PBXBuildFile; fileRef = E4328148138ABC890047C5CB /* openFrameworksDebug.a */; };
		E45BE97B0E8CC7DD009D7055 /* AGL.framework in Frameworks */ = {isa = PBXBuildFile; fileRef = E45BE9710E8CC7DD009D7055 /* AGL.framework */; };
		E45BE97C0E8CC7DD009D7055 /* ApplicationServices.framework in Frameworks */ = {isa = PBXBuildFile; fileRef = E45BE9720E8CC7DD009D7055 /* ApplicationServices.framework */; };
		E45BE97D0E8CC7DD009D7055 /* AudioToolbox.framework in Frameworks */ = {isa = PBXBuildFile; fileRef = E45BE9730E8CC7DD009D7055 /* AudioToolbox.framework */; };
		E45BE97E0E8CC7DD009D7055 /* Carbon.framework in Frameworks */ = {isa = PBXBuildFile; fileRef = E45BE9740E8CC7DD009D7055 /* Carbon.framework */; };
		E45BE97F0E8CC7DD009D7055 /* CoreAudio.framework in Frameworks */ = {isa = PBXBuildFile; fileRef = E45BE9750E8CC7DD009D7055 /* CoreAudio.framework */; };
		E45BE9800E8CC7DD009D7055 /* CoreFoundation.framework in Frameworks */ = {isa = PBXBuildFile; fileRef = E45BE9760E8CC7DD009D7055 /* CoreFoundation.framework */; };
		E45BE9810E8CC7DD009D7055 /* CoreServices.framework in Frameworks */ = {isa = PBXBuildFile; fileRef = E45BE9770E8CC7DD009D7055 /* CoreServices.framework */; };
		E45BE9830E8CC7DD009D7055 /* OpenGL.framework in Frameworks */ = {isa = PBXBuildFile; fileRef = E45BE9790E8CC7DD009D7055 /* OpenGL.framework */; };
		E45BE9840E8CC7DD009D7055 /* QuickTime.framework in Frameworks */ = {isa = PBXBuildFile; fileRef = E45BE97A0E8CC7DD009D7055 /* QuickTime.framework */; };
		E4B69E200A3A1BDC003C02F2 /* main.cpp in Sources */ = {isa = PBXBuildFile; fileRef = E4B69E1D0A3A1BDC003C02F2 /* main.cpp */; };
		E4B69E210A3A1BDC003C02F2 /* testApp.cpp in Sources */ = {isa = PBXBuildFile; fileRef = E4B69E1E0A3A1BDC003C02F2 /* testApp.cpp */; };
		E4C2424710CC5A17004149E2 /* AppKit.framework in Frameworks */ = {isa = PBXBuildFile; fileRef = E4C2424410CC5A17004149E2 /* AppKit.framework */; };
		E4C2424810CC5A17004149E2 /* Cocoa.framework in Frameworks */ = {isa = PBXBuildFile; fileRef = E4C2424510CC5A17004149E2 /* Cocoa.framework */; };
		E4C2424910CC5A17004149E2 /* IOKit.framework in Frameworks */ = {isa = PBXBuildFile; fileRef = E4C2424610CC5A17004149E2 /* IOKit.framework */; };
		E4EB6799138ADC1D00A09F29 /* GLUT.framework in Frameworks */ = {isa = PBXBuildFile; fileRef = BBAB23BE13894E4700AA2426 /* GLUT.framework */; };
		E7E077E515D3B63C0020DFD4 /* CoreVideo.framework in Frameworks */ = {isa = PBXBuildFile; fileRef = E7E077E415D3B63C0020DFD4 /* CoreVideo.framework */; };
		E7E077E815D3B6510020DFD4 /* QTKit.framework in Frameworks */ = {isa = PBXBuildFile; fileRef = E7E077E715D3B6510020DFD4 /* QTKit.framework */; };
		E7F985F815E0DEA3003869B5 /* Accelerate.framework in Frameworks */ = {isa = PBXBuildFile; fileRef = E7F985F515E0DE99003869B5 /* Accelerate.framework */; };
/* End PBXBuildFile section */

/* Begin PBXContainerItemProxy section */
		E4328147138ABC890047C5CB /* PBXContainerItemProxy */ = {
			isa = PBXContainerItemProxy;
			containerPortal = E4328143138ABC890047C5CB /* openFrameworksLib.xcodeproj */;
			proxyType = 2;
			remoteGlobalIDString = E4B27C1510CBEB8E00536013;
			remoteInfo = openFrameworks;
		};
		E4EEB9AB138B136A00A80321 /* PBXContainerItemProxy */ = {
			isa = PBXContainerItemProxy;
			containerPortal = E4328143138ABC890047C5CB /* openFrameworksLib.xcodeproj */;
			proxyType = 1;
			remoteGlobalIDString = E4B27C1410CBEB8E00536013;
			remoteInfo = openFrameworks;
		};
/* End PBXContainerItemProxy section */

/* Begin PBXCopyFilesBuildPhase section */
		E4C2427710CC5ABF004149E2 /* CopyFiles */ = {
			isa = PBXCopyFilesBuildPhase;
			buildActionMask = 2147483647;
			dstPath = "";
			dstSubfolderSpec = 10;
			files = (
				666F25FB17488D6D005290D4 /* pbrRec.icns in CopyFiles */,
				BBAB23CB13894F3D00AA2426 /* GLUT.framework in CopyFiles */,
				666F2555174634F9005290D4 /* Syphon.framework in CopyFiles */,
				6658DFD817460DEB00EDEBF1 /* libturbojpeg.dylib in CopyFiles */,
			);
			runOnlyForDeploymentPostprocessing = 0;
		};
/* End PBXCopyFilesBuildPhase section */

/* Begin PBXFileReference section */
		6658DE8B17460D7200EDEBF1 /* turbojpeg.h */ = {isa = PBXFileReference; fileEncoding = 4; lastKnownFileType = sourcecode.c.h; path = turbojpeg.h; sourceTree = "<group>"; };
		6658DE8E17460D7200EDEBF1 /* libturbojpeg.dylib */ = {isa = PBXFileReference; lastKnownFileType = "compiled.mach-o.dylib"; path = libturbojpeg.dylib; sourceTree = "<group>"; };
		6658DE9117460D7200EDEBF1 /* ofxTurboJpeg.cpp */ = {isa = PBXFileReference; fileEncoding = 4; lastKnownFileType = sourcecode.cpp.cpp; path = ofxTurboJpeg.cpp; sourceTree = "<group>"; };
		6658DE9217460D7200EDEBF1 /* ofxTurboJpeg.h */ = {isa = PBXFileReference; fileEncoding = 4; lastKnownFileType = sourcecode.c.h; path = ofxTurboJpeg.h; sourceTree = "<group>"; };
		6658DEA717460D7200EDEBF1 /* zmq.h */ = {isa = PBXFileReference; fileEncoding = 4; lastKnownFileType = sourcecode.c.h; path = zmq.h; sourceTree = "<group>"; };
		6658DEA817460D7200EDEBF1 /* zmq.hpp */ = {isa = PBXFileReference; fileEncoding = 4; lastKnownFileType = sourcecode.cpp.h; path = zmq.hpp; sourceTree = "<group>"; };
		6658DEA917460D7200EDEBF1 /* zmq_utils.h */ = {isa = PBXFileReference; fileEncoding = 4; lastKnownFileType = sourcecode.c.h; path = zmq_utils.h; sourceTree = "<group>"; };
		6658DEAB17460D7200EDEBF1 /* address.cpp */ = {isa = PBXFileReference; fileEncoding = 4; lastKnownFileType = sourcecode.cpp.cpp; path = address.cpp; sourceTree = "<group>"; };
		6658DEAC17460D7200EDEBF1 /* address.hpp */ = {isa = PBXFileReference; fileEncoding = 4; lastKnownFileType = sourcecode.cpp.h; path = address.hpp; sourceTree = "<group>"; };
		6658DEAD17460D7200EDEBF1 /* array.hpp */ = {isa = PBXFileReference; fileEncoding = 4; lastKnownFileType = sourcecode.cpp.h; path = array.hpp; sourceTree = "<group>"; };
		6658DEAE17460D7200EDEBF1 /* atomic_counter.hpp */ = {isa = PBXFileReference; fileEncoding = 4; lastKnownFileType = sourcecode.cpp.h; path = atomic_counter.hpp; sourceTree = "<group>"; };
		6658DEAF17460D7200EDEBF1 /* atomic_ptr.hpp */ = {isa = PBXFileReference; fileEncoding = 4; lastKnownFileType = sourcecode.cpp.h; path = atomic_ptr.hpp; sourceTree = "<group>"; };
		6658DEB017460D7200EDEBF1 /* blob.hpp */ = {isa = PBXFileReference; fileEncoding = 4; lastKnownFileType = sourcecode.cpp.h; path = blob.hpp; sourceTree = "<group>"; };
		6658DEB117460D7200EDEBF1 /* clock.cpp */ = {isa = PBXFileReference; fileEncoding = 4; lastKnownFileType = sourcecode.cpp.cpp; path = clock.cpp; sourceTree = "<group>"; };
		6658DEB217460D7200EDEBF1 /* clock.hpp */ = {isa = PBXFileReference; fileEncoding = 4; lastKnownFileType = sourcecode.cpp.h; path = clock.hpp; sourceTree = "<group>"; };
		6658DEB317460D7200EDEBF1 /* command.hpp */ = {isa = PBXFileReference; fileEncoding = 4; lastKnownFileType = sourcecode.cpp.h; path = command.hpp; sourceTree = "<group>"; };
		6658DEB417460D7200EDEBF1 /* config.hpp */ = {isa = PBXFileReference; fileEncoding = 4; lastKnownFileType = sourcecode.cpp.h; path = config.hpp; sourceTree = "<group>"; };
		6658DEB517460D7200EDEBF1 /* ctx.cpp */ = {isa = PBXFileReference; fileEncoding = 4; lastKnownFileType = sourcecode.cpp.cpp; path = ctx.cpp; sourceTree = "<group>"; };
		6658DEB617460D7200EDEBF1 /* ctx.hpp */ = {isa = PBXFileReference; fileEncoding = 4; lastKnownFileType = sourcecode.cpp.h; path = ctx.hpp; sourceTree = "<group>"; };
		6658DEB717460D7200EDEBF1 /* dealer.cpp */ = {isa = PBXFileReference; fileEncoding = 4; lastKnownFileType = sourcecode.cpp.cpp; path = dealer.cpp; sourceTree = "<group>"; };
		6658DEB817460D7200EDEBF1 /* dealer.hpp */ = {isa = PBXFileReference; fileEncoding = 4; lastKnownFileType = sourcecode.cpp.h; path = dealer.hpp; sourceTree = "<group>"; };
		6658DEB917460D7200EDEBF1 /* decoder.cpp */ = {isa = PBXFileReference; fileEncoding = 4; lastKnownFileType = sourcecode.cpp.cpp; path = decoder.cpp; sourceTree = "<group>"; };
		6658DEBA17460D7200EDEBF1 /* decoder.hpp */ = {isa = PBXFileReference; fileEncoding = 4; lastKnownFileType = sourcecode.cpp.h; path = decoder.hpp; sourceTree = "<group>"; };
		6658DEBB17460D7200EDEBF1 /* device.cpp */ = {isa = PBXFileReference; fileEncoding = 4; lastKnownFileType = sourcecode.cpp.cpp; path = device.cpp; sourceTree = "<group>"; };
		6658DEBC17460D7200EDEBF1 /* device.hpp */ = {isa = PBXFileReference; fileEncoding = 4; lastKnownFileType = sourcecode.cpp.h; path = device.hpp; sourceTree = "<group>"; };
		6658DEBD17460D7200EDEBF1 /* devpoll.cpp */ = {isa = PBXFileReference; fileEncoding = 4; lastKnownFileType = sourcecode.cpp.cpp; path = devpoll.cpp; sourceTree = "<group>"; };
		6658DEBE17460D7200EDEBF1 /* devpoll.hpp */ = {isa = PBXFileReference; fileEncoding = 4; lastKnownFileType = sourcecode.cpp.h; path = devpoll.hpp; sourceTree = "<group>"; };
		6658DEBF17460D7200EDEBF1 /* dist.cpp */ = {isa = PBXFileReference; fileEncoding = 4; lastKnownFileType = sourcecode.cpp.cpp; path = dist.cpp; sourceTree = "<group>"; };
		6658DEC017460D7200EDEBF1 /* dist.hpp */ = {isa = PBXFileReference; fileEncoding = 4; lastKnownFileType = sourcecode.cpp.h; path = dist.hpp; sourceTree = "<group>"; };
		6658DEC117460D7200EDEBF1 /* encoder.cpp */ = {isa = PBXFileReference; fileEncoding = 4; lastKnownFileType = sourcecode.cpp.cpp; path = encoder.cpp; sourceTree = "<group>"; };
		6658DEC217460D7200EDEBF1 /* encoder.hpp */ = {isa = PBXFileReference; fileEncoding = 4; lastKnownFileType = sourcecode.cpp.h; path = encoder.hpp; sourceTree = "<group>"; };
		6658DEC317460D7200EDEBF1 /* epoll.cpp */ = {isa = PBXFileReference; fileEncoding = 4; lastKnownFileType = sourcecode.cpp.cpp; path = epoll.cpp; sourceTree = "<group>"; };
		6658DEC417460D7200EDEBF1 /* epoll.hpp */ = {isa = PBXFileReference; fileEncoding = 4; lastKnownFileType = sourcecode.cpp.h; path = epoll.hpp; sourceTree = "<group>"; };
		6658DEC517460D7200EDEBF1 /* err.cpp */ = {isa = PBXFileReference; fileEncoding = 4; lastKnownFileType = sourcecode.cpp.cpp; path = err.cpp; sourceTree = "<group>"; };
		6658DEC617460D7200EDEBF1 /* err.hpp */ = {isa = PBXFileReference; fileEncoding = 4; lastKnownFileType = sourcecode.cpp.h; path = err.hpp; sourceTree = "<group>"; };
		6658DEC717460D7200EDEBF1 /* fd.hpp */ = {isa = PBXFileReference; fileEncoding = 4; lastKnownFileType = sourcecode.cpp.h; path = fd.hpp; sourceTree = "<group>"; };
		6658DEC817460D7200EDEBF1 /* fq.cpp */ = {isa = PBXFileReference; fileEncoding = 4; lastKnownFileType = sourcecode.cpp.cpp; path = fq.cpp; sourceTree = "<group>"; };
		6658DEC917460D7200EDEBF1 /* fq.hpp */ = {isa = PBXFileReference; fileEncoding = 4; lastKnownFileType = sourcecode.cpp.h; path = fq.hpp; sourceTree = "<group>"; };
		6658DECA17460D7200EDEBF1 /* i_engine.hpp */ = {isa = PBXFileReference; fileEncoding = 4; lastKnownFileType = sourcecode.cpp.h; path = i_engine.hpp; sourceTree = "<group>"; };
		6658DECB17460D7200EDEBF1 /* i_poll_events.hpp */ = {isa = PBXFileReference; fileEncoding = 4; lastKnownFileType = sourcecode.cpp.h; path = i_poll_events.hpp; sourceTree = "<group>"; };
		6658DECC17460D7200EDEBF1 /* io_object.cpp */ = {isa = PBXFileReference; fileEncoding = 4; lastKnownFileType = sourcecode.cpp.cpp; path = io_object.cpp; sourceTree = "<group>"; };
		6658DECD17460D7200EDEBF1 /* io_object.hpp */ = {isa = PBXFileReference; fileEncoding = 4; lastKnownFileType = sourcecode.cpp.h; path = io_object.hpp; sourceTree = "<group>"; };
		6658DECE17460D7200EDEBF1 /* io_thread.cpp */ = {isa = PBXFileReference; fileEncoding = 4; lastKnownFileType = sourcecode.cpp.cpp; path = io_thread.cpp; sourceTree = "<group>"; };
		6658DECF17460D7200EDEBF1 /* io_thread.hpp */ = {isa = PBXFileReference; fileEncoding = 4; lastKnownFileType = sourcecode.cpp.h; path = io_thread.hpp; sourceTree = "<group>"; };
		6658DED017460D7200EDEBF1 /* ip.cpp */ = {isa = PBXFileReference; fileEncoding = 4; lastKnownFileType = sourcecode.cpp.cpp; path = ip.cpp; sourceTree = "<group>"; };
		6658DED117460D7200EDEBF1 /* ip.hpp */ = {isa = PBXFileReference; fileEncoding = 4; lastKnownFileType = sourcecode.cpp.h; path = ip.hpp; sourceTree = "<group>"; };
		6658DED217460D7200EDEBF1 /* ipc_address.cpp */ = {isa = PBXFileReference; fileEncoding = 4; lastKnownFileType = sourcecode.cpp.cpp; path = ipc_address.cpp; sourceTree = "<group>"; };
		6658DED317460D7200EDEBF1 /* ipc_address.hpp */ = {isa = PBXFileReference; fileEncoding = 4; lastKnownFileType = sourcecode.cpp.h; path = ipc_address.hpp; sourceTree = "<group>"; };
		6658DED417460D7200EDEBF1 /* ipc_connecter.cpp */ = {isa = PBXFileReference; fileEncoding = 4; lastKnownFileType = sourcecode.cpp.cpp; path = ipc_connecter.cpp; sourceTree = "<group>"; };
		6658DED517460D7200EDEBF1 /* ipc_connecter.hpp */ = {isa = PBXFileReference; fileEncoding = 4; lastKnownFileType = sourcecode.cpp.h; path = ipc_connecter.hpp; sourceTree = "<group>"; };
		6658DED617460D7200EDEBF1 /* ipc_listener.cpp */ = {isa = PBXFileReference; fileEncoding = 4; lastKnownFileType = sourcecode.cpp.cpp; path = ipc_listener.cpp; sourceTree = "<group>"; };
		6658DED717460D7200EDEBF1 /* ipc_listener.hpp */ = {isa = PBXFileReference; fileEncoding = 4; lastKnownFileType = sourcecode.cpp.h; path = ipc_listener.hpp; sourceTree = "<group>"; };
		6658DED817460D7200EDEBF1 /* kqueue.cpp */ = {isa = PBXFileReference; fileEncoding = 4; lastKnownFileType = sourcecode.cpp.cpp; path = kqueue.cpp; sourceTree = "<group>"; };
		6658DED917460D7200EDEBF1 /* kqueue.hpp */ = {isa = PBXFileReference; fileEncoding = 4; lastKnownFileType = sourcecode.cpp.h; path = kqueue.hpp; sourceTree = "<group>"; };
		6658DEDA17460D7200EDEBF1 /* lb.cpp */ = {isa = PBXFileReference; fileEncoding = 4; lastKnownFileType = sourcecode.cpp.cpp; path = lb.cpp; sourceTree = "<group>"; };
		6658DEDB17460D7200EDEBF1 /* lb.hpp */ = {isa = PBXFileReference; fileEncoding = 4; lastKnownFileType = sourcecode.cpp.h; path = lb.hpp; sourceTree = "<group>"; };
		6658DEDC17460D7200EDEBF1 /* likely.hpp */ = {isa = PBXFileReference; fileEncoding = 4; lastKnownFileType = sourcecode.cpp.h; path = likely.hpp; sourceTree = "<group>"; };
		6658DEDD17460D7200EDEBF1 /* mailbox.cpp */ = {isa = PBXFileReference; fileEncoding = 4; lastKnownFileType = sourcecode.cpp.cpp; path = mailbox.cpp; sourceTree = "<group>"; };
		6658DEDE17460D7200EDEBF1 /* mailbox.hpp */ = {isa = PBXFileReference; fileEncoding = 4; lastKnownFileType = sourcecode.cpp.h; path = mailbox.hpp; sourceTree = "<group>"; };
		6658DEDF17460D7200EDEBF1 /* msg.cpp */ = {isa = PBXFileReference; fileEncoding = 4; lastKnownFileType = sourcecode.cpp.cpp; path = msg.cpp; sourceTree = "<group>"; };
		6658DEE017460D7200EDEBF1 /* msg.hpp */ = {isa = PBXFileReference; fileEncoding = 4; lastKnownFileType = sourcecode.cpp.h; path = msg.hpp; sourceTree = "<group>"; };
		6658DEE117460D7200EDEBF1 /* mtrie.cpp */ = {isa = PBXFileReference; fileEncoding = 4; lastKnownFileType = sourcecode.cpp.cpp; path = mtrie.cpp; sourceTree = "<group>"; };
		6658DEE217460D7200EDEBF1 /* mtrie.hpp */ = {isa = PBXFileReference; fileEncoding = 4; lastKnownFileType = sourcecode.cpp.h; path = mtrie.hpp; sourceTree = "<group>"; };
		6658DEE317460D7200EDEBF1 /* mutex.hpp */ = {isa = PBXFileReference; fileEncoding = 4; lastKnownFileType = sourcecode.cpp.h; path = mutex.hpp; sourceTree = "<group>"; };
		6658DEE417460D7200EDEBF1 /* object.cpp */ = {isa = PBXFileReference; fileEncoding = 4; lastKnownFileType = sourcecode.cpp.cpp; path = object.cpp; sourceTree = "<group>"; };
		6658DEE517460D7200EDEBF1 /* object.hpp */ = {isa = PBXFileReference; fileEncoding = 4; lastKnownFileType = sourcecode.cpp.h; path = object.hpp; sourceTree = "<group>"; };
		6658DEE617460D7200EDEBF1 /* options.cpp */ = {isa = PBXFileReference; fileEncoding = 4; lastKnownFileType = sourcecode.cpp.cpp; path = options.cpp; sourceTree = "<group>"; };
		6658DEE717460D7200EDEBF1 /* options.hpp */ = {isa = PBXFileReference; fileEncoding = 4; lastKnownFileType = sourcecode.cpp.h; path = options.hpp; sourceTree = "<group>"; };
		6658DEE817460D7200EDEBF1 /* own.cpp */ = {isa = PBXFileReference; fileEncoding = 4; lastKnownFileType = sourcecode.cpp.cpp; path = own.cpp; sourceTree = "<group>"; };
		6658DEE917460D7200EDEBF1 /* own.hpp */ = {isa = PBXFileReference; fileEncoding = 4; lastKnownFileType = sourcecode.cpp.h; path = own.hpp; sourceTree = "<group>"; };
		6658DEEA17460D7200EDEBF1 /* pair.cpp */ = {isa = PBXFileReference; fileEncoding = 4; lastKnownFileType = sourcecode.cpp.cpp; path = pair.cpp; sourceTree = "<group>"; };
		6658DEEB17460D7200EDEBF1 /* pair.hpp */ = {isa = PBXFileReference; fileEncoding = 4; lastKnownFileType = sourcecode.cpp.h; path = pair.hpp; sourceTree = "<group>"; };
		6658DEEC17460D7200EDEBF1 /* pgm_receiver.cpp */ = {isa = PBXFileReference; fileEncoding = 4; lastKnownFileType = sourcecode.cpp.cpp; path = pgm_receiver.cpp; sourceTree = "<group>"; };
		6658DEED17460D7200EDEBF1 /* pgm_receiver.hpp */ = {isa = PBXFileReference; fileEncoding = 4; lastKnownFileType = sourcecode.cpp.h; path = pgm_receiver.hpp; sourceTree = "<group>"; };
		6658DEEE17460D7200EDEBF1 /* pgm_sender.cpp */ = {isa = PBXFileReference; fileEncoding = 4; lastKnownFileType = sourcecode.cpp.cpp; path = pgm_sender.cpp; sourceTree = "<group>"; };
		6658DEEF17460D7200EDEBF1 /* pgm_sender.hpp */ = {isa = PBXFileReference; fileEncoding = 4; lastKnownFileType = sourcecode.cpp.h; path = pgm_sender.hpp; sourceTree = "<group>"; };
		6658DEF017460D7200EDEBF1 /* pgm_socket.cpp */ = {isa = PBXFileReference; fileEncoding = 4; lastKnownFileType = sourcecode.cpp.cpp; path = pgm_socket.cpp; sourceTree = "<group>"; };
		6658DEF117460D7200EDEBF1 /* pgm_socket.hpp */ = {isa = PBXFileReference; fileEncoding = 4; lastKnownFileType = sourcecode.cpp.h; path = pgm_socket.hpp; sourceTree = "<group>"; };
		6658DEF217460D7200EDEBF1 /* pipe.cpp */ = {isa = PBXFileReference; fileEncoding = 4; lastKnownFileType = sourcecode.cpp.cpp; path = pipe.cpp; sourceTree = "<group>"; };
		6658DEF317460D7200EDEBF1 /* pipe.hpp */ = {isa = PBXFileReference; fileEncoding = 4; lastKnownFileType = sourcecode.cpp.h; path = pipe.hpp; sourceTree = "<group>"; };
		6658DEF417460D7200EDEBF1 /* platform.hpp */ = {isa = PBXFileReference; fileEncoding = 4; lastKnownFileType = sourcecode.cpp.h; path = platform.hpp; sourceTree = "<group>"; };
		6658DEF517460D7200EDEBF1 /* poll.cpp */ = {isa = PBXFileReference; fileEncoding = 4; lastKnownFileType = sourcecode.cpp.cpp; path = poll.cpp; sourceTree = "<group>"; };
		6658DEF617460D7200EDEBF1 /* poll.hpp */ = {isa = PBXFileReference; fileEncoding = 4; lastKnownFileType = sourcecode.cpp.h; path = poll.hpp; sourceTree = "<group>"; };
		6658DEF717460D7200EDEBF1 /* poller.hpp */ = {isa = PBXFileReference; fileEncoding = 4; lastKnownFileType = sourcecode.cpp.h; path = poller.hpp; sourceTree = "<group>"; };
		6658DEF817460D7200EDEBF1 /* poller_base.cpp */ = {isa = PBXFileReference; fileEncoding = 4; lastKnownFileType = sourcecode.cpp.cpp; path = poller_base.cpp; sourceTree = "<group>"; };
		6658DEF917460D7200EDEBF1 /* poller_base.hpp */ = {isa = PBXFileReference; fileEncoding = 4; lastKnownFileType = sourcecode.cpp.h; path = poller_base.hpp; sourceTree = "<group>"; };
		6658DEFA17460D7200EDEBF1 /* precompiled.cpp */ = {isa = PBXFileReference; fileEncoding = 4; lastKnownFileType = sourcecode.cpp.cpp; path = precompiled.cpp; sourceTree = "<group>"; };
		6658DEFB17460D7200EDEBF1 /* precompiled.hpp */ = {isa = PBXFileReference; fileEncoding = 4; lastKnownFileType = sourcecode.cpp.h; path = precompiled.hpp; sourceTree = "<group>"; };
		6658DEFC17460D7200EDEBF1 /* pub.cpp */ = {isa = PBXFileReference; fileEncoding = 4; lastKnownFileType = sourcecode.cpp.cpp; path = pub.cpp; sourceTree = "<group>"; };
		6658DEFD17460D7200EDEBF1 /* pub.hpp */ = {isa = PBXFileReference; fileEncoding = 4; lastKnownFileType = sourcecode.cpp.h; path = pub.hpp; sourceTree = "<group>"; };
		6658DEFE17460D7200EDEBF1 /* pull.cpp */ = {isa = PBXFileReference; fileEncoding = 4; lastKnownFileType = sourcecode.cpp.cpp; path = pull.cpp; sourceTree = "<group>"; };
		6658DEFF17460D7200EDEBF1 /* pull.hpp */ = {isa = PBXFileReference; fileEncoding = 4; lastKnownFileType = sourcecode.cpp.h; path = pull.hpp; sourceTree = "<group>"; };
		6658DF0017460D7200EDEBF1 /* push.cpp */ = {isa = PBXFileReference; fileEncoding = 4; lastKnownFileType = sourcecode.cpp.cpp; path = push.cpp; sourceTree = "<group>"; };
		6658DF0117460D7200EDEBF1 /* push.hpp */ = {isa = PBXFileReference; fileEncoding = 4; lastKnownFileType = sourcecode.cpp.h; path = push.hpp; sourceTree = "<group>"; };
		6658DF0217460D7200EDEBF1 /* random.cpp */ = {isa = PBXFileReference; fileEncoding = 4; lastKnownFileType = sourcecode.cpp.cpp; path = random.cpp; sourceTree = "<group>"; };
		6658DF0317460D7300EDEBF1 /* random.hpp */ = {isa = PBXFileReference; fileEncoding = 4; lastKnownFileType = sourcecode.cpp.h; path = random.hpp; sourceTree = "<group>"; };
		6658DF0417460D7300EDEBF1 /* reaper.cpp */ = {isa = PBXFileReference; fileEncoding = 4; lastKnownFileType = sourcecode.cpp.cpp; path = reaper.cpp; sourceTree = "<group>"; };
		6658DF0517460D7300EDEBF1 /* reaper.hpp */ = {isa = PBXFileReference; fileEncoding = 4; lastKnownFileType = sourcecode.cpp.h; path = reaper.hpp; sourceTree = "<group>"; };
		6658DF0617460D7300EDEBF1 /* rep.cpp */ = {isa = PBXFileReference; fileEncoding = 4; lastKnownFileType = sourcecode.cpp.cpp; path = rep.cpp; sourceTree = "<group>"; };
		6658DF0717460D7300EDEBF1 /* rep.hpp */ = {isa = PBXFileReference; fileEncoding = 4; lastKnownFileType = sourcecode.cpp.h; path = rep.hpp; sourceTree = "<group>"; };
		6658DF0817460D7300EDEBF1 /* req.cpp */ = {isa = PBXFileReference; fileEncoding = 4; lastKnownFileType = sourcecode.cpp.cpp; path = req.cpp; sourceTree = "<group>"; };
		6658DF0917460D7300EDEBF1 /* req.hpp */ = {isa = PBXFileReference; fileEncoding = 4; lastKnownFileType = sourcecode.cpp.h; path = req.hpp; sourceTree = "<group>"; };
		6658DF0A17460D7300EDEBF1 /* router.cpp */ = {isa = PBXFileReference; fileEncoding = 4; lastKnownFileType = sourcecode.cpp.cpp; path = router.cpp; sourceTree = "<group>"; };
		6658DF0B17460D7300EDEBF1 /* router.hpp */ = {isa = PBXFileReference; fileEncoding = 4; lastKnownFileType = sourcecode.cpp.h; path = router.hpp; sourceTree = "<group>"; };
		6658DF0C17460D7300EDEBF1 /* select.cpp */ = {isa = PBXFileReference; fileEncoding = 4; lastKnownFileType = sourcecode.cpp.cpp; path = select.cpp; sourceTree = "<group>"; };
		6658DF0D17460D7300EDEBF1 /* select.hpp */ = {isa = PBXFileReference; fileEncoding = 4; lastKnownFileType = sourcecode.cpp.h; path = select.hpp; sourceTree = "<group>"; };
		6658DF0E17460D7300EDEBF1 /* session_base.cpp */ = {isa = PBXFileReference; fileEncoding = 4; lastKnownFileType = sourcecode.cpp.cpp; path = session_base.cpp; sourceTree = "<group>"; };
		6658DF0F17460D7300EDEBF1 /* session_base.hpp */ = {isa = PBXFileReference; fileEncoding = 4; lastKnownFileType = sourcecode.cpp.h; path = session_base.hpp; sourceTree = "<group>"; };
		6658DF1017460D7300EDEBF1 /* signaler.cpp */ = {isa = PBXFileReference; fileEncoding = 4; lastKnownFileType = sourcecode.cpp.cpp; path = signaler.cpp; sourceTree = "<group>"; };
		6658DF1117460D7300EDEBF1 /* signaler.hpp */ = {isa = PBXFileReference; fileEncoding = 4; lastKnownFileType = sourcecode.cpp.h; path = signaler.hpp; sourceTree = "<group>"; };
		6658DF1217460D7300EDEBF1 /* socket_base.cpp */ = {isa = PBXFileReference; fileEncoding = 4; lastKnownFileType = sourcecode.cpp.cpp; path = socket_base.cpp; sourceTree = "<group>"; };
		6658DF1317460D7300EDEBF1 /* socket_base.hpp */ = {isa = PBXFileReference; fileEncoding = 4; lastKnownFileType = sourcecode.cpp.h; path = socket_base.hpp; sourceTree = "<group>"; };
		6658DF1417460D7300EDEBF1 /* stdint.hpp */ = {isa = PBXFileReference; fileEncoding = 4; lastKnownFileType = sourcecode.cpp.h; path = stdint.hpp; sourceTree = "<group>"; };
		6658DF1517460D7300EDEBF1 /* stream_engine.cpp */ = {isa = PBXFileReference; fileEncoding = 4; lastKnownFileType = sourcecode.cpp.cpp; path = stream_engine.cpp; sourceTree = "<group>"; };
		6658DF1617460D7300EDEBF1 /* stream_engine.hpp */ = {isa = PBXFileReference; fileEncoding = 4; lastKnownFileType = sourcecode.cpp.h; path = stream_engine.hpp; sourceTree = "<group>"; };
		6658DF1717460D7300EDEBF1 /* sub.cpp */ = {isa = PBXFileReference; fileEncoding = 4; lastKnownFileType = sourcecode.cpp.cpp; path = sub.cpp; sourceTree = "<group>"; };
		6658DF1817460D7300EDEBF1 /* sub.hpp */ = {isa = PBXFileReference; fileEncoding = 4; lastKnownFileType = sourcecode.cpp.h; path = sub.hpp; sourceTree = "<group>"; };
		6658DF1917460D7300EDEBF1 /* tcp_address.cpp */ = {isa = PBXFileReference; fileEncoding = 4; lastKnownFileType = sourcecode.cpp.cpp; path = tcp_address.cpp; sourceTree = "<group>"; };
		6658DF1A17460D7300EDEBF1 /* tcp_address.hpp */ = {isa = PBXFileReference; fileEncoding = 4; lastKnownFileType = sourcecode.cpp.h; path = tcp_address.hpp; sourceTree = "<group>"; };
		6658DF1B17460D7300EDEBF1 /* tcp_connecter.cpp */ = {isa = PBXFileReference; fileEncoding = 4; lastKnownFileType = sourcecode.cpp.cpp; path = tcp_connecter.cpp; sourceTree = "<group>"; };
		6658DF1C17460D7300EDEBF1 /* tcp_connecter.hpp */ = {isa = PBXFileReference; fileEncoding = 4; lastKnownFileType = sourcecode.cpp.h; path = tcp_connecter.hpp; sourceTree = "<group>"; };
		6658DF1D17460D7300EDEBF1 /* tcp_listener.cpp */ = {isa = PBXFileReference; fileEncoding = 4; lastKnownFileType = sourcecode.cpp.cpp; path = tcp_listener.cpp; sourceTree = "<group>"; };
		6658DF1E17460D7300EDEBF1 /* tcp_listener.hpp */ = {isa = PBXFileReference; fileEncoding = 4; lastKnownFileType = sourcecode.cpp.h; path = tcp_listener.hpp; sourceTree = "<group>"; };
		6658DF1F17460D7300EDEBF1 /* thread.cpp */ = {isa = PBXFileReference; fileEncoding = 4; lastKnownFileType = sourcecode.cpp.cpp; path = thread.cpp; sourceTree = "<group>"; };
		6658DF2017460D7300EDEBF1 /* thread.hpp */ = {isa = PBXFileReference; fileEncoding = 4; lastKnownFileType = sourcecode.cpp.h; path = thread.hpp; sourceTree = "<group>"; };
		6658DF2117460D7300EDEBF1 /* trie.cpp */ = {isa = PBXFileReference; fileEncoding = 4; lastKnownFileType = sourcecode.cpp.cpp; path = trie.cpp; sourceTree = "<group>"; };
		6658DF2217460D7300EDEBF1 /* trie.hpp */ = {isa = PBXFileReference; fileEncoding = 4; lastKnownFileType = sourcecode.cpp.h; path = trie.hpp; sourceTree = "<group>"; };
		6658DF2317460D7300EDEBF1 /* windows.hpp */ = {isa = PBXFileReference; fileEncoding = 4; lastKnownFileType = sourcecode.cpp.h; path = windows.hpp; sourceTree = "<group>"; };
		6658DF2417460D7300EDEBF1 /* wire.hpp */ = {isa = PBXFileReference; fileEncoding = 4; lastKnownFileType = sourcecode.cpp.h; path = wire.hpp; sourceTree = "<group>"; };
		6658DF2517460D7300EDEBF1 /* xpub.cpp */ = {isa = PBXFileReference; fileEncoding = 4; lastKnownFileType = sourcecode.cpp.cpp; path = xpub.cpp; sourceTree = "<group>"; };
		6658DF2617460D7300EDEBF1 /* xpub.hpp */ = {isa = PBXFileReference; fileEncoding = 4; lastKnownFileType = sourcecode.cpp.h; path = xpub.hpp; sourceTree = "<group>"; };
		6658DF2717460D7300EDEBF1 /* xsub.cpp */ = {isa = PBXFileReference; fileEncoding = 4; lastKnownFileType = sourcecode.cpp.cpp; path = xsub.cpp; sourceTree = "<group>"; };
		6658DF2817460D7300EDEBF1 /* xsub.hpp */ = {isa = PBXFileReference; fileEncoding = 4; lastKnownFileType = sourcecode.cpp.h; path = xsub.hpp; sourceTree = "<group>"; };
		6658DF2917460D7300EDEBF1 /* ypipe.hpp */ = {isa = PBXFileReference; fileEncoding = 4; lastKnownFileType = sourcecode.cpp.h; path = ypipe.hpp; sourceTree = "<group>"; };
		6658DF2A17460D7300EDEBF1 /* yqueue.hpp */ = {isa = PBXFileReference; fileEncoding = 4; lastKnownFileType = sourcecode.cpp.h; path = yqueue.hpp; sourceTree = "<group>"; };
		6658DF2B17460D7300EDEBF1 /* zmq.cpp */ = {isa = PBXFileReference; fileEncoding = 4; lastKnownFileType = sourcecode.cpp.cpp; path = zmq.cpp; sourceTree = "<group>"; };
		6658DF2C17460D7300EDEBF1 /* zmq_utils.cpp */ = {isa = PBXFileReference; fileEncoding = 4; lastKnownFileType = sourcecode.cpp.cpp; path = zmq_utils.cpp; sourceTree = "<group>"; };
		6658DF2E17460D7300EDEBF1 /* ofxZmq.cpp */ = {isa = PBXFileReference; fileEncoding = 4; lastKnownFileType = sourcecode.cpp.cpp; path = ofxZmq.cpp; sourceTree = "<group>"; };
		6658DF2F17460D7300EDEBF1 /* ofxZmq.h */ = {isa = PBXFileReference; fileEncoding = 4; lastKnownFileType = sourcecode.c.h; path = ofxZmq.h; sourceTree = "<group>"; };
		6658DF3017460D7300EDEBF1 /* ofxZmqConfig.h */ = {isa = PBXFileReference; fileEncoding = 4; lastKnownFileType = sourcecode.c.h; path = ofxZmqConfig.h; sourceTree = "<group>"; };
		6658DF3117460D7300EDEBF1 /* ofxZmqPair.cpp */ = {isa = PBXFileReference; fileEncoding = 4; lastKnownFileType = sourcecode.cpp.cpp; path = ofxZmqPair.cpp; sourceTree = "<group>"; };
		6658DF3217460D7300EDEBF1 /* ofxZmqPair.h */ = {isa = PBXFileReference; fileEncoding = 4; lastKnownFileType = sourcecode.c.h; path = ofxZmqPair.h; sourceTree = "<group>"; };
		6658DF3317460D7300EDEBF1 /* ofxZmqPublisher.cpp */ = {isa = PBXFileReference; fileEncoding = 4; lastKnownFileType = sourcecode.cpp.cpp; path = ofxZmqPublisher.cpp; sourceTree = "<group>"; };
		6658DF3417460D7300EDEBF1 /* ofxZmqPublisher.h */ = {isa = PBXFileReference; fileEncoding = 4; lastKnownFileType = sourcecode.c.h; path = ofxZmqPublisher.h; sourceTree = "<group>"; };
		6658DF3517460D7300EDEBF1 /* ofxZmqReply.cpp */ = {isa = PBXFileReference; fileEncoding = 4; lastKnownFileType = sourcecode.cpp.cpp; path = ofxZmqReply.cpp; sourceTree = "<group>"; };
		6658DF3617460D7300EDEBF1 /* ofxZmqReply.h */ = {isa = PBXFileReference; fileEncoding = 4; lastKnownFileType = sourcecode.c.h; path = ofxZmqReply.h; sourceTree = "<group>"; };
		6658DF3717460D7300EDEBF1 /* ofxZmqRequest.cpp */ = {isa = PBXFileReference; fileEncoding = 4; lastKnownFileType = sourcecode.cpp.cpp; path = ofxZmqRequest.cpp; sourceTree = "<group>"; };
		6658DF3817460D7300EDEBF1 /* ofxZmqRequest.h */ = {isa = PBXFileReference; fileEncoding = 4; lastKnownFileType = sourcecode.c.h; path = ofxZmqRequest.h; sourceTree = "<group>"; };
		6658DF3917460D7300EDEBF1 /* ofxZmqSocket.cpp */ = {isa = PBXFileReference; fileEncoding = 4; lastKnownFileType = sourcecode.cpp.cpp; path = ofxZmqSocket.cpp; sourceTree = "<group>"; };
		6658DF3A17460D7300EDEBF1 /* ofxZmqSocket.h */ = {isa = PBXFileReference; fileEncoding = 4; lastKnownFileType = sourcecode.c.h; path = ofxZmqSocket.h; sourceTree = "<group>"; };
		6658DF3B17460D7300EDEBF1 /* ofxZmqSubscriber.cpp */ = {isa = PBXFileReference; fileEncoding = 4; lastKnownFileType = sourcecode.cpp.cpp; path = ofxZmqSubscriber.cpp; sourceTree = "<group>"; };
		6658DF3C17460D7300EDEBF1 /* ofxZmqSubscriber.h */ = {isa = PBXFileReference; fileEncoding = 4; lastKnownFileType = sourcecode.c.h; path = ofxZmqSubscriber.h; sourceTree = "<group>"; };
		6658DFB917460DAC00EDEBF1 /* ofxPublishScreen.cpp */ = {isa = PBXFileReference; fileEncoding = 4; lastKnownFileType = sourcecode.cpp.cpp; path = ofxPublishScreen.cpp; sourceTree = "<group>"; };
		6658DFBA17460DAC00EDEBF1 /* ofxPublishScreen.h */ = {isa = PBXFileReference; fileEncoding = 4; lastKnownFileType = sourcecode.c.h; path = ofxPublishScreen.h; sourceTree = "<group>"; };
		666F2543174634A7005290D4 /* Syphon.framework */ = {isa = PBXFileReference; lastKnownFileType = wrapper.framework; path = Syphon.framework; sourceTree = "<group>"; };
		666F2545174634A7005290D4 /* SyphonNameboundClient.h */ = {isa = PBXFileReference; fileEncoding = 4; lastKnownFileType = sourcecode.c.h; path = SyphonNameboundClient.h; sourceTree = "<group>"; };
		666F2546174634A7005290D4 /* SyphonNameboundClient.m */ = {isa = PBXFileReference; fileEncoding = 4; lastKnownFileType = sourcecode.c.objc; path = SyphonNameboundClient.m; sourceTree = "<group>"; };
		666F2548174634A7005290D4 /* ofxSyphon.h */ = {isa = PBXFileReference; fileEncoding = 4; lastKnownFileType = sourcecode.c.h; path = ofxSyphon.h; sourceTree = "<group>"; };
		666F2549174634A7005290D4 /* ofxSyphonClient.h */ = {isa = PBXFileReference; fileEncoding = 4; lastKnownFileType = sourcecode.c.h; path = ofxSyphonClient.h; sourceTree = "<group>"; };
		666F254A174634A7005290D4 /* ofxSyphonClient.mm */ = {isa = PBXFileReference; fileEncoding = 4; lastKnownFileType = sourcecode.cpp.objcpp; path = ofxSyphonClient.mm; sourceTree = "<group>"; };
		666F254B174634A7005290D4 /* ofxSyphonServer.h */ = {isa = PBXFileReference; fileEncoding = 4; lastKnownFileType = sourcecode.c.h; path = ofxSyphonServer.h; sourceTree = "<group>"; };
		666F254C174634A7005290D4 /* ofxSyphonServer.mm */ = {isa = PBXFileReference; fileEncoding = 4; lastKnownFileType = sourcecode.cpp.objcpp; path = ofxSyphonServer.mm; sourceTree = "<group>"; };
		666F25F317488C0D005290D4 /* pbrRec.icns */ = {isa = PBXFileReference; lastKnownFileType = image.icns; path = pbrRec.icns; sourceTree = "<group>"; };
		BBAB23BE13894E4700AA2426 /* GLUT.framework */ = {isa = PBXFileReference; lastKnownFileType = wrapper.framework; name = GLUT.framework; path = ../../../libs/glut/lib/osx/GLUT.framework; sourceTree = "<group>"; };
		E4328143138ABC890047C5CB /* openFrameworksLib.xcodeproj */ = {isa = PBXFileReference; lastKnownFileType = "wrapper.pb-project"; name = openFrameworksLib.xcodeproj; path = ../../../libs/openFrameworksCompiled/project/osx/openFrameworksLib.xcodeproj; sourceTree = SOURCE_ROOT; };
		E45BE9710E8CC7DD009D7055 /* AGL.framework */ = {isa = PBXFileReference; lastKnownFileType = wrapper.framework; name = AGL.framework; path = /System/Library/Frameworks/AGL.framework; sourceTree = "<absolute>"; };
		E45BE9720E8CC7DD009D7055 /* ApplicationServices.framework */ = {isa = PBXFileReference; lastKnownFileType = wrapper.framework; name = ApplicationServices.framework; path = /System/Library/Frameworks/ApplicationServices.framework; sourceTree = "<absolute>"; };
		E45BE9730E8CC7DD009D7055 /* AudioToolbox.framework */ = {isa = PBXFileReference; lastKnownFileType = wrapper.framework; name = AudioToolbox.framework; path = /System/Library/Frameworks/AudioToolbox.framework; sourceTree = "<absolute>"; };
		E45BE9740E8CC7DD009D7055 /* Carbon.framework */ = {isa = PBXFileReference; lastKnownFileType = wrapper.framework; name = Carbon.framework; path = /System/Library/Frameworks/Carbon.framework; sourceTree = "<absolute>"; };
		E45BE9750E8CC7DD009D7055 /* CoreAudio.framework */ = {isa = PBXFileReference; lastKnownFileType = wrapper.framework; name = CoreAudio.framework; path = /System/Library/Frameworks/CoreAudio.framework; sourceTree = "<absolute>"; };
		E45BE9760E8CC7DD009D7055 /* CoreFoundation.framework */ = {isa = PBXFileReference; lastKnownFileType = wrapper.framework; name = CoreFoundation.framework; path = /System/Library/Frameworks/CoreFoundation.framework; sourceTree = "<absolute>"; };
		E45BE9770E8CC7DD009D7055 /* CoreServices.framework */ = {isa = PBXFileReference; lastKnownFileType = wrapper.framework; name = CoreServices.framework; path = /System/Library/Frameworks/CoreServices.framework; sourceTree = "<absolute>"; };
		E45BE9790E8CC7DD009D7055 /* OpenGL.framework */ = {isa = PBXFileReference; lastKnownFileType = wrapper.framework; name = OpenGL.framework; path = /System/Library/Frameworks/OpenGL.framework; sourceTree = "<absolute>"; };
		E45BE97A0E8CC7DD009D7055 /* QuickTime.framework */ = {isa = PBXFileReference; lastKnownFileType = wrapper.framework; name = QuickTime.framework; path = /System/Library/Frameworks/QuickTime.framework; sourceTree = "<absolute>"; };
		E4B69B5B0A3A1756003C02F2 /* pbrReceiverDebug.app */ = {isa = PBXFileReference; explicitFileType = wrapper.application; includeInIndex = 0; path = pbrReceiverDebug.app; sourceTree = BUILT_PRODUCTS_DIR; };
		E4B69E1D0A3A1BDC003C02F2 /* main.cpp */ = {isa = PBXFileReference; fileEncoding = 30; lastKnownFileType = sourcecode.cpp.cpp; name = main.cpp; path = src/main.cpp; sourceTree = SOURCE_ROOT; };
		E4B69E1E0A3A1BDC003C02F2 /* testApp.cpp */ = {isa = PBXFileReference; explicitFileType = sourcecode.cpp.cpp; fileEncoding = 30; name = testApp.cpp; path = src/testApp.cpp; sourceTree = SOURCE_ROOT; };
		E4B69E1F0A3A1BDC003C02F2 /* testApp.h */ = {isa = PBXFileReference; fileEncoding = 30; lastKnownFileType = sourcecode.c.h; name = testApp.h; path = src/testApp.h; sourceTree = SOURCE_ROOT; };
		E4B6FCAD0C3E899E008CF71C /* openFrameworks-Info.plist */ = {isa = PBXFileReference; fileEncoding = 30; lastKnownFileType = text.plist.xml; path = "openFrameworks-Info.plist"; sourceTree = "<group>"; };
		E4C2424410CC5A17004149E2 /* AppKit.framework */ = {isa = PBXFileReference; lastKnownFileType = wrapper.framework; name = AppKit.framework; path = /System/Library/Frameworks/AppKit.framework; sourceTree = "<absolute>"; };
		E4C2424510CC5A17004149E2 /* Cocoa.framework */ = {isa = PBXFileReference; lastKnownFileType = wrapper.framework; name = Cocoa.framework; path = /System/Library/Frameworks/Cocoa.framework; sourceTree = "<absolute>"; };
		E4C2424610CC5A17004149E2 /* IOKit.framework */ = {isa = PBXFileReference; lastKnownFileType = wrapper.framework; name = IOKit.framework; path = /System/Library/Frameworks/IOKit.framework; sourceTree = "<absolute>"; };
		E4EB691F138AFCF100A09F29 /* CoreOF.xcconfig */ = {isa = PBXFileReference; fileEncoding = 4; lastKnownFileType = text.xcconfig; name = CoreOF.xcconfig; path = ../../../libs/openFrameworksCompiled/project/osx/CoreOF.xcconfig; sourceTree = SOURCE_ROOT; };
		E4EB6923138AFD0F00A09F29 /* Project.xcconfig */ = {isa = PBXFileReference; fileEncoding = 4; lastKnownFileType = text.xcconfig; path = Project.xcconfig; sourceTree = "<group>"; };
		E7E077E415D3B63C0020DFD4 /* CoreVideo.framework */ = {isa = PBXFileReference; lastKnownFileType = wrapper.framework; name = CoreVideo.framework; path = /System/Library/Frameworks/CoreVideo.framework; sourceTree = "<absolute>"; };
		E7E077E715D3B6510020DFD4 /* QTKit.framework */ = {isa = PBXFileReference; lastKnownFileType = wrapper.framework; name = QTKit.framework; path = /System/Library/Frameworks/QTKit.framework; sourceTree = "<absolute>"; };
		E7F985F515E0DE99003869B5 /* Accelerate.framework */ = {isa = PBXFileReference; lastKnownFileType = wrapper.framework; name = Accelerate.framework; path = /System/Library/Frameworks/Accelerate.framework; sourceTree = "<absolute>"; };
/* End PBXFileReference section */

/* Begin PBXFrameworksBuildPhase section */
		E4B69B590A3A1756003C02F2 /* Frameworks */ = {
			isa = PBXFrameworksBuildPhase;
			buildActionMask = 2147483647;
			files = (
				E7F985F815E0DEA3003869B5 /* Accelerate.framework in Frameworks */,
				E7E077E815D3B6510020DFD4 /* QTKit.framework in Frameworks */,
				E4EB6799138ADC1D00A09F29 /* GLUT.framework in Frameworks */,
				E4328149138ABC9F0047C5CB /* openFrameworksDebug.a in Frameworks */,
				E45BE97B0E8CC7DD009D7055 /* AGL.framework in Frameworks */,
				E45BE97C0E8CC7DD009D7055 /* ApplicationServices.framework in Frameworks */,
				E45BE97D0E8CC7DD009D7055 /* AudioToolbox.framework in Frameworks */,
				E45BE97E0E8CC7DD009D7055 /* Carbon.framework in Frameworks */,
				E45BE97F0E8CC7DD009D7055 /* CoreAudio.framework in Frameworks */,
				E45BE9800E8CC7DD009D7055 /* CoreFoundation.framework in Frameworks */,
				E45BE9810E8CC7DD009D7055 /* CoreServices.framework in Frameworks */,
				E45BE9830E8CC7DD009D7055 /* OpenGL.framework in Frameworks */,
				E45BE9840E8CC7DD009D7055 /* QuickTime.framework in Frameworks */,
				E4C2424710CC5A17004149E2 /* AppKit.framework in Frameworks */,
				E4C2424810CC5A17004149E2 /* Cocoa.framework in Frameworks */,
				E4C2424910CC5A17004149E2 /* IOKit.framework in Frameworks */,
				E7E077E515D3B63C0020DFD4 /* CoreVideo.framework in Frameworks */,
				6658DF4917460D7300EDEBF1 /* libturbojpeg.dylib in Frameworks */,
				666F2550174634A7005290D4 /* Syphon.framework in Frameworks */,
			);
			runOnlyForDeploymentPostprocessing = 0;
		};
/* End PBXFrameworksBuildPhase section */

/* Begin PBXGroup section */
		6658DE7417460D7200EDEBF1 /* ofxTurboJpeg */ = {
			isa = PBXGroup;
			children = (
				6658DE8817460D7200EDEBF1 /* libs */,
				6658DE9017460D7200EDEBF1 /* src */,
			);
			name = ofxTurboJpeg;
			path = ../../../addons/ofxTurboJpeg;
			sourceTree = "<group>";
		};
		6658DE8817460D7200EDEBF1 /* libs */ = {
			isa = PBXGroup;
			children = (
				6658DE8917460D7200EDEBF1 /* turbo-jpeg */,
			);
			path = libs;
			sourceTree = "<group>";
		};
		6658DE8917460D7200EDEBF1 /* turbo-jpeg */ = {
			isa = PBXGroup;
			children = (
				6658DE8A17460D7200EDEBF1 /* include */,
				6658DE8C17460D7200EDEBF1 /* lib */,
			);
			path = "turbo-jpeg";
			sourceTree = "<group>";
		};
		6658DE8A17460D7200EDEBF1 /* include */ = {
			isa = PBXGroup;
			children = (
				6658DE8B17460D7200EDEBF1 /* turbojpeg.h */,
			);
			path = include;
			sourceTree = "<group>";
		};
		6658DE8C17460D7200EDEBF1 /* lib */ = {
			isa = PBXGroup;
			children = (
				6658DE8D17460D7200EDEBF1 /* osx */,
			);
			path = lib;
			sourceTree = "<group>";
		};
		6658DE8D17460D7200EDEBF1 /* osx */ = {
			isa = PBXGroup;
			children = (
				6658DE8E17460D7200EDEBF1 /* libturbojpeg.dylib */,
			);
			path = osx;
			sourceTree = "<group>";
		};
		6658DE9017460D7200EDEBF1 /* src */ = {
			isa = PBXGroup;
			children = (
				6658DE9117460D7200EDEBF1 /* ofxTurboJpeg.cpp */,
				6658DE9217460D7200EDEBF1 /* ofxTurboJpeg.h */,
			);
			path = src;
			sourceTree = "<group>";
		};
		6658DE9317460D7200EDEBF1 /* ofxZmq */ = {
			isa = PBXGroup;
			children = (
				6658DEA417460D7200EDEBF1 /* libs */,
				6658DF2D17460D7300EDEBF1 /* src */,
			);
			name = ofxZmq;
			path = ../../../addons/ofxZmq;
			sourceTree = "<group>";
		};
		6658DEA417460D7200EDEBF1 /* libs */ = {
			isa = PBXGroup;
			children = (
				6658DEA517460D7200EDEBF1 /* zmq */,
			);
			path = libs;
			sourceTree = "<group>";
		};
		6658DEA517460D7200EDEBF1 /* zmq */ = {
			isa = PBXGroup;
			children = (
				6658DEA617460D7200EDEBF1 /* include */,
				6658DEAA17460D7200EDEBF1 /* src */,
			);
			path = zmq;
			sourceTree = "<group>";
		};
		6658DEA617460D7200EDEBF1 /* include */ = {
			isa = PBXGroup;
			children = (
				6658DEA717460D7200EDEBF1 /* zmq.h */,
				6658DEA817460D7200EDEBF1 /* zmq.hpp */,
				6658DEA917460D7200EDEBF1 /* zmq_utils.h */,
			);
			path = include;
			sourceTree = "<group>";
		};
		6658DEAA17460D7200EDEBF1 /* src */ = {
			isa = PBXGroup;
			children = (
				6658DEAB17460D7200EDEBF1 /* address.cpp */,
				6658DEAC17460D7200EDEBF1 /* address.hpp */,
				6658DEAD17460D7200EDEBF1 /* array.hpp */,
				6658DEAE17460D7200EDEBF1 /* atomic_counter.hpp */,
				6658DEAF17460D7200EDEBF1 /* atomic_ptr.hpp */,
				6658DEB017460D7200EDEBF1 /* blob.hpp */,
				6658DEB117460D7200EDEBF1 /* clock.cpp */,
				6658DEB217460D7200EDEBF1 /* clock.hpp */,
				6658DEB317460D7200EDEBF1 /* command.hpp */,
				6658DEB417460D7200EDEBF1 /* config.hpp */,
				6658DEB517460D7200EDEBF1 /* ctx.cpp */,
				6658DEB617460D7200EDEBF1 /* ctx.hpp */,
				6658DEB717460D7200EDEBF1 /* dealer.cpp */,
				6658DEB817460D7200EDEBF1 /* dealer.hpp */,
				6658DEB917460D7200EDEBF1 /* decoder.cpp */,
				6658DEBA17460D7200EDEBF1 /* decoder.hpp */,
				6658DEBB17460D7200EDEBF1 /* device.cpp */,
				6658DEBC17460D7200EDEBF1 /* device.hpp */,
				6658DEBD17460D7200EDEBF1 /* devpoll.cpp */,
				6658DEBE17460D7200EDEBF1 /* devpoll.hpp */,
				6658DEBF17460D7200EDEBF1 /* dist.cpp */,
				6658DEC017460D7200EDEBF1 /* dist.hpp */,
				6658DEC117460D7200EDEBF1 /* encoder.cpp */,
				6658DEC217460D7200EDEBF1 /* encoder.hpp */,
				6658DEC317460D7200EDEBF1 /* epoll.cpp */,
				6658DEC417460D7200EDEBF1 /* epoll.hpp */,
				6658DEC517460D7200EDEBF1 /* err.cpp */,
				6658DEC617460D7200EDEBF1 /* err.hpp */,
				6658DEC717460D7200EDEBF1 /* fd.hpp */,
				6658DEC817460D7200EDEBF1 /* fq.cpp */,
				6658DEC917460D7200EDEBF1 /* fq.hpp */,
				6658DECA17460D7200EDEBF1 /* i_engine.hpp */,
				6658DECB17460D7200EDEBF1 /* i_poll_events.hpp */,
				6658DECC17460D7200EDEBF1 /* io_object.cpp */,
				6658DECD17460D7200EDEBF1 /* io_object.hpp */,
				6658DECE17460D7200EDEBF1 /* io_thread.cpp */,
				6658DECF17460D7200EDEBF1 /* io_thread.hpp */,
				6658DED017460D7200EDEBF1 /* ip.cpp */,
				6658DED117460D7200EDEBF1 /* ip.hpp */,
				6658DED217460D7200EDEBF1 /* ipc_address.cpp */,
				6658DED317460D7200EDEBF1 /* ipc_address.hpp */,
				6658DED417460D7200EDEBF1 /* ipc_connecter.cpp */,
				6658DED517460D7200EDEBF1 /* ipc_connecter.hpp */,
				6658DED617460D7200EDEBF1 /* ipc_listener.cpp */,
				6658DED717460D7200EDEBF1 /* ipc_listener.hpp */,
				6658DED817460D7200EDEBF1 /* kqueue.cpp */,
				6658DED917460D7200EDEBF1 /* kqueue.hpp */,
				6658DEDA17460D7200EDEBF1 /* lb.cpp */,
				6658DEDB17460D7200EDEBF1 /* lb.hpp */,
				6658DEDC17460D7200EDEBF1 /* likely.hpp */,
				6658DEDD17460D7200EDEBF1 /* mailbox.cpp */,
				6658DEDE17460D7200EDEBF1 /* mailbox.hpp */,
				6658DEDF17460D7200EDEBF1 /* msg.cpp */,
				6658DEE017460D7200EDEBF1 /* msg.hpp */,
				6658DEE117460D7200EDEBF1 /* mtrie.cpp */,
				6658DEE217460D7200EDEBF1 /* mtrie.hpp */,
				6658DEE317460D7200EDEBF1 /* mutex.hpp */,
				6658DEE417460D7200EDEBF1 /* object.cpp */,
				6658DEE517460D7200EDEBF1 /* object.hpp */,
				6658DEE617460D7200EDEBF1 /* options.cpp */,
				6658DEE717460D7200EDEBF1 /* options.hpp */,
				6658DEE817460D7200EDEBF1 /* own.cpp */,
				6658DEE917460D7200EDEBF1 /* own.hpp */,
				6658DEEA17460D7200EDEBF1 /* pair.cpp */,
				6658DEEB17460D7200EDEBF1 /* pair.hpp */,
				6658DEEC17460D7200EDEBF1 /* pgm_receiver.cpp */,
				6658DEED17460D7200EDEBF1 /* pgm_receiver.hpp */,
				6658DEEE17460D7200EDEBF1 /* pgm_sender.cpp */,
				6658DEEF17460D7200EDEBF1 /* pgm_sender.hpp */,
				6658DEF017460D7200EDEBF1 /* pgm_socket.cpp */,
				6658DEF117460D7200EDEBF1 /* pgm_socket.hpp */,
				6658DEF217460D7200EDEBF1 /* pipe.cpp */,
				6658DEF317460D7200EDEBF1 /* pipe.hpp */,
				6658DEF417460D7200EDEBF1 /* platform.hpp */,
				6658DEF517460D7200EDEBF1 /* poll.cpp */,
				6658DEF617460D7200EDEBF1 /* poll.hpp */,
				6658DEF717460D7200EDEBF1 /* poller.hpp */,
				6658DEF817460D7200EDEBF1 /* poller_base.cpp */,
				6658DEF917460D7200EDEBF1 /* poller_base.hpp */,
				6658DEFA17460D7200EDEBF1 /* precompiled.cpp */,
				6658DEFB17460D7200EDEBF1 /* precompiled.hpp */,
				6658DEFC17460D7200EDEBF1 /* pub.cpp */,
				6658DEFD17460D7200EDEBF1 /* pub.hpp */,
				6658DEFE17460D7200EDEBF1 /* pull.cpp */,
				6658DEFF17460D7200EDEBF1 /* pull.hpp */,
				6658DF0017460D7200EDEBF1 /* push.cpp */,
				6658DF0117460D7200EDEBF1 /* push.hpp */,
				6658DF0217460D7200EDEBF1 /* random.cpp */,
				6658DF0317460D7300EDEBF1 /* random.hpp */,
				6658DF0417460D7300EDEBF1 /* reaper.cpp */,
				6658DF0517460D7300EDEBF1 /* reaper.hpp */,
				6658DF0617460D7300EDEBF1 /* rep.cpp */,
				6658DF0717460D7300EDEBF1 /* rep.hpp */,
				6658DF0817460D7300EDEBF1 /* req.cpp */,
				6658DF0917460D7300EDEBF1 /* req.hpp */,
				6658DF0A17460D7300EDEBF1 /* router.cpp */,
				6658DF0B17460D7300EDEBF1 /* router.hpp */,
				6658DF0C17460D7300EDEBF1 /* select.cpp */,
				6658DF0D17460D7300EDEBF1 /* select.hpp */,
				6658DF0E17460D7300EDEBF1 /* session_base.cpp */,
				6658DF0F17460D7300EDEBF1 /* session_base.hpp */,
				6658DF1017460D7300EDEBF1 /* signaler.cpp */,
				6658DF1117460D7300EDEBF1 /* signaler.hpp */,
				6658DF1217460D7300EDEBF1 /* socket_base.cpp */,
				6658DF1317460D7300EDEBF1 /* socket_base.hpp */,
				6658DF1417460D7300EDEBF1 /* stdint.hpp */,
				6658DF1517460D7300EDEBF1 /* stream_engine.cpp */,
				6658DF1617460D7300EDEBF1 /* stream_engine.hpp */,
				6658DF1717460D7300EDEBF1 /* sub.cpp */,
				6658DF1817460D7300EDEBF1 /* sub.hpp */,
				6658DF1917460D7300EDEBF1 /* tcp_address.cpp */,
				6658DF1A17460D7300EDEBF1 /* tcp_address.hpp */,
				6658DF1B17460D7300EDEBF1 /* tcp_connecter.cpp */,
				6658DF1C17460D7300EDEBF1 /* tcp_connecter.hpp */,
				6658DF1D17460D7300EDEBF1 /* tcp_listener.cpp */,
				6658DF1E17460D7300EDEBF1 /* tcp_listener.hpp */,
				6658DF1F17460D7300EDEBF1 /* thread.cpp */,
				6658DF2017460D7300EDEBF1 /* thread.hpp */,
				6658DF2117460D7300EDEBF1 /* trie.cpp */,
				6658DF2217460D7300EDEBF1 /* trie.hpp */,
				6658DF2317460D7300EDEBF1 /* windows.hpp */,
				6658DF2417460D7300EDEBF1 /* wire.hpp */,
				6658DF2517460D7300EDEBF1 /* xpub.cpp */,
				6658DF2617460D7300EDEBF1 /* xpub.hpp */,
				6658DF2717460D7300EDEBF1 /* xsub.cpp */,
				6658DF2817460D7300EDEBF1 /* xsub.hpp */,
				6658DF2917460D7300EDEBF1 /* ypipe.hpp */,
				6658DF2A17460D7300EDEBF1 /* yqueue.hpp */,
				6658DF2B17460D7300EDEBF1 /* zmq.cpp */,
				6658DF2C17460D7300EDEBF1 /* zmq_utils.cpp */,
			);
			path = src;
			sourceTree = "<group>";
		};
		6658DF2D17460D7300EDEBF1 /* src */ = {
			isa = PBXGroup;
			children = (
				6658DF2E17460D7300EDEBF1 /* ofxZmq.cpp */,
				6658DF2F17460D7300EDEBF1 /* ofxZmq.h */,
				6658DF3017460D7300EDEBF1 /* ofxZmqConfig.h */,
				6658DF3117460D7300EDEBF1 /* ofxZmqPair.cpp */,
				6658DF3217460D7300EDEBF1 /* ofxZmqPair.h */,
				6658DF3317460D7300EDEBF1 /* ofxZmqPublisher.cpp */,
				6658DF3417460D7300EDEBF1 /* ofxZmqPublisher.h */,
				6658DF3517460D7300EDEBF1 /* ofxZmqReply.cpp */,
				6658DF3617460D7300EDEBF1 /* ofxZmqReply.h */,
				6658DF3717460D7300EDEBF1 /* ofxZmqRequest.cpp */,
				6658DF3817460D7300EDEBF1 /* ofxZmqRequest.h */,
				6658DF3917460D7300EDEBF1 /* ofxZmqSocket.cpp */,
				6658DF3A17460D7300EDEBF1 /* ofxZmqSocket.h */,
				6658DF3B17460D7300EDEBF1 /* ofxZmqSubscriber.cpp */,
				6658DF3C17460D7300EDEBF1 /* ofxZmqSubscriber.h */,
			);
			path = src;
			sourceTree = "<group>";
		};
		6658DF9417460DAC00EDEBF1 /* ofxPublishScreen */ = {
			isa = PBXGroup;
			children = (
				6658DFB817460DAC00EDEBF1 /* src */,
			);
			name = ofxPublishScreen;
			path = ../../../addons/ofxPublishScreen;
			sourceTree = "<group>";
		};
		6658DFB817460DAC00EDEBF1 /* src */ = {
			isa = PBXGroup;
			children = (
				6658DFB917460DAC00EDEBF1 /* ofxPublishScreen.cpp */,
				6658DFBA17460DAC00EDEBF1 /* ofxPublishScreen.h */,
			);
			path = src;
			sourceTree = "<group>";
		};
		666F253A174634A7005290D4 /* ofxSyphon */ = {
			isa = PBXGroup;
			children = (
				666F253F174634A7005290D4 /* libs */,
				666F2547174634A7005290D4 /* src */,
			);
			name = ofxSyphon;
			path = ../../../addons/ofxSyphon;
			sourceTree = "<group>";
		};
		666F253F174634A7005290D4 /* libs */ = {
			isa = PBXGroup;
			children = (
				666F2540174634A7005290D4 /* Syphon */,
			);
			path = libs;
			sourceTree = "<group>";
		};
		666F2540174634A7005290D4 /* Syphon */ = {
			isa = PBXGroup;
			children = (
				666F2541174634A7005290D4 /* lib */,
				666F2544174634A7005290D4 /* src */,
			);
			path = Syphon;
			sourceTree = "<group>";
		};
		666F2541174634A7005290D4 /* lib */ = {
			isa = PBXGroup;
			children = (
				666F2542174634A7005290D4 /* osx */,
			);
			path = lib;
			sourceTree = "<group>";
		};
		666F2542174634A7005290D4 /* osx */ = {
			isa = PBXGroup;
			children = (
				666F2543174634A7005290D4 /* Syphon.framework */,
			);
			path = osx;
			sourceTree = "<group>";
		};
		666F2544174634A7005290D4 /* src */ = {
			isa = PBXGroup;
			children = (
				666F2545174634A7005290D4 /* SyphonNameboundClient.h */,
				666F2546174634A7005290D4 /* SyphonNameboundClient.m */,
			);
			path = src;
			sourceTree = "<group>";
		};
		666F2547174634A7005290D4 /* src */ = {
			isa = PBXGroup;
			children = (
				666F2548174634A7005290D4 /* ofxSyphon.h */,
				666F2549174634A7005290D4 /* ofxSyphonClient.h */,
				666F254A174634A7005290D4 /* ofxSyphonClient.mm */,
				666F254B174634A7005290D4 /* ofxSyphonServer.h */,
				666F254C174634A7005290D4 /* ofxSyphonServer.mm */,
			);
			path = src;
			sourceTree = "<group>";
		};
		BB4B014C10F69532006C3DED /* addons */ = {
			isa = PBXGroup;
			children = (
				666F253A174634A7005290D4 /* ofxSyphon */,
				6658DF9417460DAC00EDEBF1 /* ofxPublishScreen */,
				6658DE7417460D7200EDEBF1 /* ofxTurboJpeg */,
				6658DE9317460D7200EDEBF1 /* ofxZmq */,
			);
			name = addons;
			sourceTree = "<group>";
		};
		BBAB23C913894ECA00AA2426 /* system frameworks */ = {
			isa = PBXGroup;
			children = (
				E7F985F515E0DE99003869B5 /* Accelerate.framework */,
				E4C2424410CC5A17004149E2 /* AppKit.framework */,
				E4C2424510CC5A17004149E2 /* Cocoa.framework */,
				E4C2424610CC5A17004149E2 /* IOKit.framework */,
				E45BE9710E8CC7DD009D7055 /* AGL.framework */,
				E45BE9720E8CC7DD009D7055 /* ApplicationServices.framework */,
				E45BE9730E8CC7DD009D7055 /* AudioToolbox.framework */,
				E45BE9740E8CC7DD009D7055 /* Carbon.framework */,
				E45BE9750E8CC7DD009D7055 /* CoreAudio.framework */,
				E45BE9760E8CC7DD009D7055 /* CoreFoundation.framework */,
				E45BE9770E8CC7DD009D7055 /* CoreServices.framework */,
				E45BE9790E8CC7DD009D7055 /* OpenGL.framework */,
				E45BE97A0E8CC7DD009D7055 /* QuickTime.framework */,
				E7E077E415D3B63C0020DFD4 /* CoreVideo.framework */,
				E7E077E715D3B6510020DFD4 /* QTKit.framework */,
			);
			name = "system frameworks";
			sourceTree = "<group>";
		};
		BBAB23CA13894EDB00AA2426 /* 3rd party frameworks */ = {
			isa = PBXGroup;
			children = (
				BBAB23BE13894E4700AA2426 /* GLUT.framework */,
			);
			name = "3rd party frameworks";
			sourceTree = "<group>";
		};
		E4328144138ABC890047C5CB /* Products */ = {
			isa = PBXGroup;
			children = (
				E4328148138ABC890047C5CB /* openFrameworksDebug.a */,
			);
			name = Products;
			sourceTree = "<group>";
		};
		E45BE5980E8CC70C009D7055 /* frameworks */ = {
			isa = PBXGroup;
			children = (
				BBAB23CA13894EDB00AA2426 /* 3rd party frameworks */,
				BBAB23C913894ECA00AA2426 /* system frameworks */,
			);
			name = frameworks;
			sourceTree = "<group>";
		};
		E4B69B4A0A3A1720003C02F2 = {
			isa = PBXGroup;
			children = (
				666F25F317488C0D005290D4 /* pbrRec.icns */,
				E4B6FCAD0C3E899E008CF71C /* openFrameworks-Info.plist */,
				E4EB6923138AFD0F00A09F29 /* Project.xcconfig */,
				E4B69E1C0A3A1BDC003C02F2 /* src */,
				E4EEC9E9138DF44700A80321 /* openFrameworks */,
				BB4B014C10F69532006C3DED /* addons */,
				E45BE5980E8CC70C009D7055 /* frameworks */,
				E4B69B5B0A3A1756003C02F2 /* pbrReceiverDebug.app */,
			);
			sourceTree = "<group>";
		};
		E4B69E1C0A3A1BDC003C02F2 /* src */ = {
			isa = PBXGroup;
			children = (
				E4B69E1D0A3A1BDC003C02F2 /* main.cpp */,
				E4B69E1E0A3A1BDC003C02F2 /* testApp.cpp */,
				E4B69E1F0A3A1BDC003C02F2 /* testApp.h */,
			);
			path = src;
			sourceTree = SOURCE_ROOT;
		};
		E4EEC9E9138DF44700A80321 /* openFrameworks */ = {
			isa = PBXGroup;
			children = (
				E4EB691F138AFCF100A09F29 /* CoreOF.xcconfig */,
				E4328143138ABC890047C5CB /* openFrameworksLib.xcodeproj */,
			);
			name = openFrameworks;
			sourceTree = "<group>";
		};
/* End PBXGroup section */

/* Begin PBXNativeTarget section */
		E4B69B5A0A3A1756003C02F2 /* pbrReceiver */ = {
			isa = PBXNativeTarget;
			buildConfigurationList = E4B69B5F0A3A1757003C02F2 /* Build configuration list for PBXNativeTarget "pbrReceiver" */;
			buildPhases = (
				E4B69B580A3A1756003C02F2 /* Sources */,
				E4B69B590A3A1756003C02F2 /* Frameworks */,
				E4B6FFFD0C3F9AB9008CF71C /* ShellScript */,
				E4C2427710CC5ABF004149E2 /* CopyFiles */,
			);
			buildRules = (
			);
			dependencies = (
				E4EEB9AC138B136A00A80321 /* PBXTargetDependency */,
			);
			name = pbrReceiver;
			productName = myOFApp;
			productReference = E4B69B5B0A3A1756003C02F2 /* pbrReceiverDebug.app */;
			productType = "com.apple.product-type.application";
		};
/* End PBXNativeTarget section */

/* Begin PBXProject section */
		E4B69B4C0A3A1720003C02F2 /* Project object */ = {
			isa = PBXProject;
			buildConfigurationList = E4B69B4D0A3A1720003C02F2 /* Build configuration list for PBXProject "pbscrReceiver" */;
			compatibilityVersion = "Xcode 2.4";
			developmentRegion = English;
			hasScannedForEncodings = 0;
			knownRegions = (
				English,
				Japanese,
				French,
				German,
			);
			mainGroup = E4B69B4A0A3A1720003C02F2;
			productRefGroup = E4B69B4A0A3A1720003C02F2;
			projectDirPath = "";
			projectReferences = (
				{
					ProductGroup = E4328144138ABC890047C5CB /* Products */;
					ProjectRef = E4328143138ABC890047C5CB /* openFrameworksLib.xcodeproj */;
				},
			);
			projectRoot = "";
			targets = (
				E4B69B5A0A3A1756003C02F2 /* pbrReceiver */,
			);
		};
/* End PBXProject section */

/* Begin PBXReferenceProxy section */
		E4328148138ABC890047C5CB /* openFrameworksDebug.a */ = {
			isa = PBXReferenceProxy;
			fileType = archive.ar;
			path = openFrameworksDebug.a;
			remoteRef = E4328147138ABC890047C5CB /* PBXContainerItemProxy */;
			sourceTree = BUILT_PRODUCTS_DIR;
		};
/* End PBXReferenceProxy section */

/* Begin PBXShellScriptBuildPhase section */
		E4B6FFFD0C3F9AB9008CF71C /* ShellScript */ = {
			isa = PBXShellScriptBuildPhase;
			buildActionMask = 2147483647;
			files = (
			);
			inputPaths = (
			);
			outputPaths = (
			);
			runOnlyForDeploymentPostprocessing = 0;
			shellPath = /bin/sh;
			shellScript = "cp -f ../../../libs/fmodex/lib/osx/libfmodex.dylib \"$TARGET_BUILD_DIR/$PRODUCT_NAME.app/Contents/MacOS/libfmodex.dylib\"; install_name_tool -change ./libfmodex.dylib @executable_path/libfmodex.dylib \"$TARGET_BUILD_DIR/$PRODUCT_NAME.app/Contents/MacOS/$PRODUCT_NAME\";";
		};
/* End PBXShellScriptBuildPhase section */

/* Begin PBXSourcesBuildPhase section */
		E4B69B580A3A1756003C02F2 /* Sources */ = {
			isa = PBXSourcesBuildPhase;
			buildActionMask = 2147483647;
			files = (
				E4B69E200A3A1BDC003C02F2 /* main.cpp in Sources */,
				E4B69E210A3A1BDC003C02F2 /* testApp.cpp in Sources */,
				6658DF4A17460D7300EDEBF1 /* ofxTurboJpeg.cpp in Sources */,
				6658DF4D17460D7300EDEBF1 /* address.cpp in Sources */,
				6658DF4E17460D7300EDEBF1 /* clock.cpp in Sources */,
				6658DF4F17460D7300EDEBF1 /* ctx.cpp in Sources */,
				6658DF5017460D7300EDEBF1 /* dealer.cpp in Sources */,
				6658DF5117460D7300EDEBF1 /* decoder.cpp in Sources */,
				6658DF5217460D7300EDEBF1 /* device.cpp in Sources */,
				6658DF5317460D7300EDEBF1 /* devpoll.cpp in Sources */,
				6658DF5417460D7300EDEBF1 /* dist.cpp in Sources */,
				6658DF5517460D7300EDEBF1 /* encoder.cpp in Sources */,
				6658DF5617460D7300EDEBF1 /* epoll.cpp in Sources */,
				6658DF5717460D7300EDEBF1 /* err.cpp in Sources */,
				6658DF5817460D7300EDEBF1 /* fq.cpp in Sources */,
				6658DF5917460D7300EDEBF1 /* io_object.cpp in Sources */,
				6658DF5A17460D7300EDEBF1 /* io_thread.cpp in Sources */,
				6658DF5B17460D7300EDEBF1 /* ip.cpp in Sources */,
				6658DF5C17460D7300EDEBF1 /* ipc_address.cpp in Sources */,
				6658DF5D17460D7300EDEBF1 /* ipc_connecter.cpp in Sources */,
				6658DF5E17460D7300EDEBF1 /* ipc_listener.cpp in Sources */,
				6658DF5F17460D7300EDEBF1 /* kqueue.cpp in Sources */,
				6658DF6017460D7300EDEBF1 /* lb.cpp in Sources */,
				6658DF6117460D7300EDEBF1 /* mailbox.cpp in Sources */,
				6658DF6217460D7300EDEBF1 /* msg.cpp in Sources */,
				6658DF6317460D7300EDEBF1 /* mtrie.cpp in Sources */,
				6658DF6417460D7300EDEBF1 /* object.cpp in Sources */,
				6658DF6517460D7300EDEBF1 /* options.cpp in Sources */,
				6658DF6617460D7300EDEBF1 /* own.cpp in Sources */,
				6658DF6717460D7300EDEBF1 /* pair.cpp in Sources */,
				6658DF6817460D7300EDEBF1 /* pgm_receiver.cpp in Sources */,
				6658DF6917460D7300EDEBF1 /* pgm_sender.cpp in Sources */,
				6658DF6A17460D7300EDEBF1 /* pgm_socket.cpp in Sources */,
				6658DF6B17460D7300EDEBF1 /* pipe.cpp in Sources */,
				6658DF6C17460D7300EDEBF1 /* poll.cpp in Sources */,
				6658DF6D17460D7300EDEBF1 /* poller_base.cpp in Sources */,
				6658DF6E17460D7300EDEBF1 /* precompiled.cpp in Sources */,
				6658DF6F17460D7300EDEBF1 /* pub.cpp in Sources */,
				6658DF7017460D7300EDEBF1 /* pull.cpp in Sources */,
				6658DF7117460D7300EDEBF1 /* push.cpp in Sources */,
				6658DF7217460D7300EDEBF1 /* random.cpp in Sources */,
				6658DF7317460D7300EDEBF1 /* reaper.cpp in Sources */,
				6658DF7417460D7300EDEBF1 /* rep.cpp in Sources */,
				6658DF7517460D7300EDEBF1 /* req.cpp in Sources */,
				6658DF7617460D7300EDEBF1 /* router.cpp in Sources */,
				6658DF7717460D7300EDEBF1 /* select.cpp in Sources */,
				6658DF7817460D7300EDEBF1 /* session_base.cpp in Sources */,
				6658DF7917460D7300EDEBF1 /* signaler.cpp in Sources */,
				6658DF7A17460D7300EDEBF1 /* socket_base.cpp in Sources */,
				6658DF7B17460D7300EDEBF1 /* stream_engine.cpp in Sources */,
				6658DF7C17460D7300EDEBF1 /* sub.cpp in Sources */,
				6658DF7D17460D7300EDEBF1 /* tcp_address.cpp in Sources */,
				6658DF7E17460D7300EDEBF1 /* tcp_connecter.cpp in Sources */,
				6658DF7F17460D7300EDEBF1 /* tcp_listener.cpp in Sources */,
				6658DF8017460D7300EDEBF1 /* thread.cpp in Sources */,
				6658DF8117460D7300EDEBF1 /* trie.cpp in Sources */,
				6658DF8217460D7300EDEBF1 /* xpub.cpp in Sources */,
				6658DF8317460D7300EDEBF1 /* xsub.cpp in Sources */,
				6658DF8417460D7300EDEBF1 /* zmq.cpp in Sources */,
				6658DF8517460D7300EDEBF1 /* zmq_utils.cpp in Sources */,
				6658DF8617460D7300EDEBF1 /* ofxZmq.cpp in Sources */,
				6658DF8717460D7300EDEBF1 /* ofxZmqPair.cpp in Sources */,
				6658DF8817460D7300EDEBF1 /* ofxZmqPublisher.cpp in Sources */,
				6658DF8917460D7300EDEBF1 /* ofxZmqReply.cpp in Sources */,
				6658DF8A17460D7300EDEBF1 /* ofxZmqRequest.cpp in Sources */,
				6658DF8B17460D7300EDEBF1 /* ofxZmqSocket.cpp in Sources */,
				6658DF8C17460D7300EDEBF1 /* ofxZmqSubscriber.cpp in Sources */,
				6658DFCE17460DAC00EDEBF1 /* ofxPublishScreen.cpp in Sources */,
				666F2551174634A7005290D4 /* SyphonNameboundClient.m in Sources */,
				666F2552174634A7005290D4 /* ofxSyphonClient.mm in Sources */,
				666F2553174634A7005290D4 /* ofxSyphonServer.mm in Sources */,
			);
			runOnlyForDeploymentPostprocessing = 0;
		};
/* End PBXSourcesBuildPhase section */

/* Begin PBXTargetDependency section */
		E4EEB9AC138B136A00A80321 /* PBXTargetDependency */ = {
			isa = PBXTargetDependency;
			name = openFrameworks;
			targetProxy = E4EEB9AB138B136A00A80321 /* PBXContainerItemProxy */;
		};
/* End PBXTargetDependency section */

/* Begin XCBuildConfiguration section */
		E4B69B4E0A3A1720003C02F2 /* Debug */ = {
			isa = XCBuildConfiguration;
			baseConfigurationReference = E4EB6923138AFD0F00A09F29 /* Project.xcconfig */;
			buildSettings = {
				ARCHS = "$(NATIVE_ARCH)";
				CONFIGURATION_BUILD_DIR = "$(SRCROOT)/bin/";
				COPY_PHASE_STRIP = NO;
				DEAD_CODE_STRIPPING = YES;
				GCC_AUTO_VECTORIZATION = YES;
				GCC_ENABLE_SSE3_EXTENSIONS = YES;
				GCC_ENABLE_SUPPLEMENTAL_SSE3_INSTRUCTIONS = YES;
				GCC_INLINES_ARE_PRIVATE_EXTERN = NO;
				GCC_OPTIMIZATION_LEVEL = 0;
				GCC_SYMBOLS_PRIVATE_EXTERN = NO;
				GCC_WARN_ABOUT_DEPRECATED_FUNCTIONS = YES;
				GCC_WARN_ABOUT_INVALID_OFFSETOF_MACRO = NO;
				GCC_WARN_ALLOW_INCOMPLETE_PROTOCOL = NO;
				GCC_WARN_UNINITIALIZED_AUTOS = NO;
				GCC_WARN_UNUSED_VALUE = NO;
				GCC_WARN_UNUSED_VARIABLE = NO;
				HEADER_SEARCH_PATHS = (
					"$(OF_CORE_HEADERS)",
					src,
				);
				OTHER_CPLUSPLUSFLAGS = (
					"-D__MACOSX_CORE__",
					"-lpthread",
					"-mtune=native",
				);
				SDKROOT = macosx;
			};
			name = Debug;
		};
		E4B69B4F0A3A1720003C02F2 /* Release */ = {
			isa = XCBuildConfiguration;
			baseConfigurationReference = E4EB6923138AFD0F00A09F29 /* Project.xcconfig */;
			buildSettings = {
				ARCHS = "$(NATIVE_ARCH)";
				CONFIGURATION_BUILD_DIR = "$(SRCROOT)/bin/";
				COPY_PHASE_STRIP = YES;
				DEAD_CODE_STRIPPING = YES;
				GCC_AUTO_VECTORIZATION = YES;
				GCC_ENABLE_SSE3_EXTENSIONS = YES;
				GCC_ENABLE_SUPPLEMENTAL_SSE3_INSTRUCTIONS = YES;
				GCC_INLINES_ARE_PRIVATE_EXTERN = NO;
				GCC_OPTIMIZATION_LEVEL = 3;
				GCC_SYMBOLS_PRIVATE_EXTERN = NO;
				GCC_UNROLL_LOOPS = YES;
				GCC_WARN_ABOUT_DEPRECATED_FUNCTIONS = YES;
				GCC_WARN_ABOUT_INVALID_OFFSETOF_MACRO = NO;
				GCC_WARN_ALLOW_INCOMPLETE_PROTOCOL = NO;
				GCC_WARN_UNINITIALIZED_AUTOS = NO;
				GCC_WARN_UNUSED_VALUE = NO;
				GCC_WARN_UNUSED_VARIABLE = NO;
				HEADER_SEARCH_PATHS = (
					"$(OF_CORE_HEADERS)",
					src,
				);
				OTHER_CPLUSPLUSFLAGS = (
					"-D__MACOSX_CORE__",
					"-lpthread",
					"-mtune=native",
				);
				SDKROOT = macosx;
			};
			name = Release;
		};
		E4B69B600A3A1757003C02F2 /* Debug */ = {
			isa = XCBuildConfiguration;
			buildSettings = {
				COPY_PHASE_STRIP = NO;
				FRAMEWORK_SEARCH_PATHS = (
					"$(inherited)",
					"$(FRAMEWORK_SEARCH_PATHS_QUOTED_FOR_TARGET_1)",
					"$(FRAMEWORK_SEARCH_PATHS_QUOTED_FOR_TARGET_2)",
				);
				FRAMEWORK_SEARCH_PATHS_QUOTED_FOR_TARGET_1 = "\"$(SRCROOT)/../../../libs/glut/lib/osx\"";
				FRAMEWORK_SEARCH_PATHS_QUOTED_FOR_TARGET_2 = "\"$(SRCROOT)/../../../addons/ofxSyphon/libs/Syphon/lib/osx\"";
				GCC_DYNAMIC_NO_PIC = NO;
				GCC_ENABLE_FIX_AND_CONTINUE = YES;
				GCC_GENERATE_DEBUGGING_SYMBOLS = YES;
				GCC_MODEL_TUNING = NONE;
				GCC_PRECOMPILE_PREFIX_HEADER = YES;
				GCC_PREFIX_HEADER = "$(SYSTEM_LIBRARY_DIR)/Frameworks/Carbon.framework/Headers/Carbon.h";
				INFOPLIST_FILE = "openFrameworks-Info.plist";
				INSTALL_PATH = "$(HOME)/Applications";
				LIBRARY_SEARCH_PATHS = (
					"$(inherited)",
					"$(LIBRARY_SEARCH_PATHS_QUOTED_FOR_TARGET_1)",
					"$(LIBRARY_SEARCH_PATHS_QUOTED_FOR_TARGET_2)",
					"$(LIBRARY_SEARCH_PATHS_QUOTED_FOR_TARGET_3)",
					"$(LIBRARY_SEARCH_PATHS_QUOTED_FOR_TARGET_4)",
					"$(LIBRARY_SEARCH_PATHS_QUOTED_FOR_TARGET_5)",
					"$(LIBRARY_SEARCH_PATHS_QUOTED_FOR_TARGET_6)",
					"$(LIBRARY_SEARCH_PATHS_QUOTED_FOR_TARGET_7)",
					"$(LIBRARY_SEARCH_PATHS_QUOTED_FOR_TARGET_8)",
					"$(LIBRARY_SEARCH_PATHS_QUOTED_FOR_TARGET_9)",
					"$(LIBRARY_SEARCH_PATHS_QUOTED_FOR_TARGET_10)",
					"$(LIBRARY_SEARCH_PATHS_QUOTED_FOR_TARGET_11)",
					"$(LIBRARY_SEARCH_PATHS_QUOTED_FOR_TARGET_12)",
					"$(LIBRARY_SEARCH_PATHS_QUOTED_FOR_TARGET_13)",
					"$(LIBRARY_SEARCH_PATHS_QUOTED_FOR_TARGET_14)",
					"$(LIBRARY_SEARCH_PATHS_QUOTED_FOR_TARGET_15)",
					"$(LIBRARY_SEARCH_PATHS_QUOTED_FOR_TARGET_2)",
					"$(LIBRARY_SEARCH_PATHS_QUOTED_FOR_TARGET_3)",
					"$(LIBRARY_SEARCH_PATHS_QUOTED_FOR_TARGET_7)",
					"$(LIBRARY_SEARCH_PATHS_QUOTED_FOR_TARGET_8)",
					"$(LIBRARY_SEARCH_PATHS_QUOTED_FOR_TARGET_9)",
					"$(LIBRARY_SEARCH_PATHS_QUOTED_FOR_TARGET_10)",
					"$(LIBRARY_SEARCH_PATHS_QUOTED_FOR_TARGET_11)",
					"$(LIBRARY_SEARCH_PATHS_QUOTED_FOR_TARGET_12)",
					"$(LIBRARY_SEARCH_PATHS_QUOTED_FOR_TARGET_13)",
					"$(LIBRARY_SEARCH_PATHS_QUOTED_FOR_TARGET_16)",
					"$(LIBRARY_SEARCH_PATHS_QUOTED_FOR_TARGET_17)",
					"$(LIBRARY_SEARCH_PATHS_QUOTED_FOR_TARGET_18)",
					"$(LIBRARY_SEARCH_PATHS_QUOTED_FOR_TARGET_19)",
					"$(LIBRARY_SEARCH_PATHS_QUOTED_FOR_TARGET_20)",
					"$(LIBRARY_SEARCH_PATHS_QUOTED_FOR_TARGET_21)",
					"$(LIBRARY_SEARCH_PATHS_QUOTED_FOR_TARGET_22)",
					"$(LIBRARY_SEARCH_PATHS_QUOTED_FOR_TARGET_23)",
					"$(LIBRARY_SEARCH_PATHS_QUOTED_FOR_TARGET_24)",
					"$(LIBRARY_SEARCH_PATHS_QUOTED_FOR_TARGET_25)",
					"$(LIBRARY_SEARCH_PATHS_QUOTED_FOR_TARGET_26)",
					"$(LIBRARY_SEARCH_PATHS_QUOTED_FOR_TARGET_27)",
					"$(LIBRARY_SEARCH_PATHS_QUOTED_FOR_TARGET_28)",
					"$(LIBRARY_SEARCH_PATHS_QUOTED_FOR_TARGET_29)",
					"$(LIBRARY_SEARCH_PATHS_QUOTED_FOR_TARGET_30)",
					"$(LIBRARY_SEARCH_PATHS_QUOTED_FOR_TARGET_31)",
					"$(LIBRARY_SEARCH_PATHS_QUOTED_FOR_TARGET_32)",
					"$(LIBRARY_SEARCH_PATHS_QUOTED_FOR_TARGET_33)",
					"$(LIBRARY_SEARCH_PATHS_QUOTED_FOR_TARGET_34)",
					"$(LIBRARY_SEARCH_PATHS_QUOTED_FOR_TARGET_35)",
					"$(LIBRARY_SEARCH_PATHS_QUOTED_FOR_TARGET_36)",
					"$(LIBRARY_SEARCH_PATHS_QUOTED_FOR_TARGET_37)",
					"$(LIBRARY_SEARCH_PATHS_QUOTED_FOR_TARGET_38)",
					"$(LIBRARY_SEARCH_PATHS_QUOTED_FOR_TARGET_39)",
					"$(LIBRARY_SEARCH_PATHS_QUOTED_FOR_TARGET_40)",
					"$(LIBRARY_SEARCH_PATHS_QUOTED_FOR_TARGET_41)",
					"$(LIBRARY_SEARCH_PATHS_QUOTED_FOR_TARGET_42)",
					"$(LIBRARY_SEARCH_PATHS_QUOTED_FOR_TARGET_43)",
					"$(LIBRARY_SEARCH_PATHS_QUOTED_FOR_TARGET_44)",
					"$(LIBRARY_SEARCH_PATHS_QUOTED_FOR_TARGET_45)",
					"$(LIBRARY_SEARCH_PATHS_QUOTED_FOR_TARGET_46)",
					"$(LIBRARY_SEARCH_PATHS_QUOTED_FOR_TARGET_47)",
					"$(LIBRARY_SEARCH_PATHS_QUOTED_FOR_TARGET_48)",
					"$(LIBRARY_SEARCH_PATHS_QUOTED_FOR_TARGET_49)",
					"$(LIBRARY_SEARCH_PATHS_QUOTED_FOR_TARGET_50)",
					"$(LIBRARY_SEARCH_PATHS_QUOTED_FOR_TARGET_51)",
					"$(LIBRARY_SEARCH_PATHS_QUOTED_FOR_TARGET_52)",
					"$(LIBRARY_SEARCH_PATHS_QUOTED_FOR_TARGET_1)",
				);
				LIBRARY_SEARCH_PATHS_QUOTED_FOR_TARGET_1 = "\"$(SRCROOT)/../../../addons/ofxTurboJpeg/libs/turbo-jpeg/lib/osx\"";
				PREBINDING = NO;
				PRODUCT_NAME = "$(TARGET_NAME)Debug";
				WRAPPER_EXTENSION = app;
			};
			name = Debug;
		};
		E4B69B610A3A1757003C02F2 /* Release */ = {
			isa = XCBuildConfiguration;
			buildSettings = {
				COPY_PHASE_STRIP = YES;
				FRAMEWORK_SEARCH_PATHS = (
					"$(inherited)",
					"$(FRAMEWORK_SEARCH_PATHS_QUOTED_FOR_TARGET_1)",
					"$(FRAMEWORK_SEARCH_PATHS_QUOTED_FOR_TARGET_2)",
				);
				FRAMEWORK_SEARCH_PATHS_QUOTED_FOR_TARGET_1 = "\"$(SRCROOT)/../../../libs/glut/lib/osx\"";
				FRAMEWORK_SEARCH_PATHS_QUOTED_FOR_TARGET_2 = "\"$(SRCROOT)/../../../addons/ofxSyphon/libs/Syphon/lib/osx\"";
				GCC_ENABLE_FIX_AND_CONTINUE = NO;
				GCC_GENERATE_DEBUGGING_SYMBOLS = YES;
				GCC_MODEL_TUNING = NONE;
				GCC_PRECOMPILE_PREFIX_HEADER = YES;
				GCC_PREFIX_HEADER = "$(SYSTEM_LIBRARY_DIR)/Frameworks/Carbon.framework/Headers/Carbon.h";
				INFOPLIST_FILE = "openFrameworks-Info.plist";
				INSTALL_PATH = "$(HOME)/Applications";
				LIBRARY_SEARCH_PATHS = (
					"$(inherited)",
					"$(LIBRARY_SEARCH_PATHS_QUOTED_FOR_TARGET_1)",
					"$(LIBRARY_SEARCH_PATHS_QUOTED_FOR_TARGET_2)",
					"$(LIBRARY_SEARCH_PATHS_QUOTED_FOR_TARGET_3)",
					"$(LIBRARY_SEARCH_PATHS_QUOTED_FOR_TARGET_4)",
					"$(LIBRARY_SEARCH_PATHS_QUOTED_FOR_TARGET_5)",
					"$(LIBRARY_SEARCH_PATHS_QUOTED_FOR_TARGET_6)",
					"$(LIBRARY_SEARCH_PATHS_QUOTED_FOR_TARGET_7)",
					"$(LIBRARY_SEARCH_PATHS_QUOTED_FOR_TARGET_8)",
					"$(LIBRARY_SEARCH_PATHS_QUOTED_FOR_TARGET_9)",
					"$(LIBRARY_SEARCH_PATHS_QUOTED_FOR_TARGET_10)",
					"$(LIBRARY_SEARCH_PATHS_QUOTED_FOR_TARGET_11)",
					"$(LIBRARY_SEARCH_PATHS_QUOTED_FOR_TARGET_12)",
					"$(LIBRARY_SEARCH_PATHS_QUOTED_FOR_TARGET_13)",
					"$(LIBRARY_SEARCH_PATHS_QUOTED_FOR_TARGET_14)",
					"$(LIBRARY_SEARCH_PATHS_QUOTED_FOR_TARGET_15)",
					"$(LIBRARY_SEARCH_PATHS_QUOTED_FOR_TARGET_2)",
					"$(LIBRARY_SEARCH_PATHS_QUOTED_1)",
					"$(LIBRARY_SEARCH_PATHS_QUOTED_FOR_TARGET_3)",
					"$(LIBRARY_SEARCH_PATHS_QUOTED_FOR_TARGET_7)",
					"$(LIBRARY_SEARCH_PATHS_QUOTED_FOR_TARGET_8)",
					"$(LIBRARY_SEARCH_PATHS_QUOTED_FOR_TARGET_9)",
					"$(LIBRARY_SEARCH_PATHS_QUOTED_FOR_TARGET_10)",
					"$(LIBRARY_SEARCH_PATHS_QUOTED_FOR_TARGET_11)",
					"$(LIBRARY_SEARCH_PATHS_QUOTED_FOR_TARGET_12)",
					"$(LIBRARY_SEARCH_PATHS_QUOTED_FOR_TARGET_13)",
					"$(LIBRARY_SEARCH_PATHS_QUOTED_FOR_TARGET_16)",
					"$(LIBRARY_SEARCH_PATHS_QUOTED_FOR_TARGET_17)",
					"$(LIBRARY_SEARCH_PATHS_QUOTED_FOR_TARGET_18)",
					"$(LIBRARY_SEARCH_PATHS_QUOTED_FOR_TARGET_19)",
					"$(LIBRARY_SEARCH_PATHS_QUOTED_FOR_TARGET_20)",
					"$(LIBRARY_SEARCH_PATHS_QUOTED_FOR_TARGET_21)",
					"$(LIBRARY_SEARCH_PATHS_QUOTED_FOR_TARGET_22)",
					"$(LIBRARY_SEARCH_PATHS_QUOTED_FOR_TARGET_23)",
					"$(LIBRARY_SEARCH_PATHS_QUOTED_FOR_TARGET_24)",
					"$(LIBRARY_SEARCH_PATHS_QUOTED_FOR_TARGET_25)",
					"$(LIBRARY_SEARCH_PATHS_QUOTED_FOR_TARGET_26)",
					"$(LIBRARY_SEARCH_PATHS_QUOTED_FOR_TARGET_27)",
					"$(LIBRARY_SEARCH_PATHS_QUOTED_FOR_TARGET_28)",
					"$(LIBRARY_SEARCH_PATHS_QUOTED_FOR_TARGET_29)",
					"$(LIBRARY_SEARCH_PATHS_QUOTED_FOR_TARGET_30)",
					"$(LIBRARY_SEARCH_PATHS_QUOTED_FOR_TARGET_31)",
					"$(LIBRARY_SEARCH_PATHS_QUOTED_FOR_TARGET_32)",
					"$(LIBRARY_SEARCH_PATHS_QUOTED_FOR_TARGET_33)",
					"$(LIBRARY_SEARCH_PATHS_QUOTED_FOR_TARGET_34)",
					"$(LIBRARY_SEARCH_PATHS_QUOTED_FOR_TARGET_35)",
					"$(LIBRARY_SEARCH_PATHS_QUOTED_FOR_TARGET_36)",
					"$(LIBRARY_SEARCH_PATHS_QUOTED_FOR_TARGET_37)",
					"$(LIBRARY_SEARCH_PATHS_QUOTED_FOR_TARGET_38)",
					"$(LIBRARY_SEARCH_PATHS_QUOTED_FOR_TARGET_39)",
					"$(LIBRARY_SEARCH_PATHS_QUOTED_FOR_TARGET_40)",
					"$(LIBRARY_SEARCH_PATHS_QUOTED_FOR_TARGET_41)",
					"$(LIBRARY_SEARCH_PATHS_QUOTED_FOR_TARGET_42)",
					"$(LIBRARY_SEARCH_PATHS_QUOTED_FOR_TARGET_43)",
					"$(LIBRARY_SEARCH_PATHS_QUOTED_FOR_TARGET_44)",
					"$(LIBRARY_SEARCH_PATHS_QUOTED_FOR_TARGET_45)",
					"$(LIBRARY_SEARCH_PATHS_QUOTED_FOR_TARGET_46)",
					"$(LIBRARY_SEARCH_PATHS_QUOTED_FOR_TARGET_47)",
					"$(LIBRARY_SEARCH_PATHS_QUOTED_FOR_TARGET_48)",
					"$(LIBRARY_SEARCH_PATHS_QUOTED_FOR_TARGET_49)",
					"$(LIBRARY_SEARCH_PATHS_QUOTED_FOR_TARGET_50)",
					"$(LIBRARY_SEARCH_PATHS_QUOTED_FOR_TARGET_51)",
					"$(LIBRARY_SEARCH_PATHS_QUOTED_FOR_TARGET_1)",
				);
				LIBRARY_SEARCH_PATHS_QUOTED_FOR_TARGET_1 = "\"$(SRCROOT)/../../../addons/ofxTurboJpeg/libs/turbo-jpeg/lib/osx\"";
				PREBINDING = NO;
				PRODUCT_NAME = "$(TARGET_NAME)";
				WRAPPER_EXTENSION = app;
			};
			name = Release;
		};
/* End XCBuildConfiguration section */

/* Begin XCConfigurationList section */
		E4B69B4D0A3A1720003C02F2 /* Build configuration list for PBXProject "pbscrReceiver" */ = {
			isa = XCConfigurationList;
			buildConfigurations = (
				E4B69B4E0A3A1720003C02F2 /* Debug */,
				E4B69B4F0A3A1720003C02F2 /* Release */,
			);
			defaultConfigurationIsVisible = 0;
			defaultConfigurationName = Release;
		};
		E4B69B5F0A3A1757003C02F2 /* Build configuration list for PBXNativeTarget "pbrReceiver" */ = {
			isa = XCConfigurationList;
			buildConfigurations = (
				E4B69B600A3A1757003C02F2 /* Debug */,
				E4B69B610A3A1757003C02F2 /* Release */,
			);
			defaultConfigurationIsVisible = 0;
			defaultConfigurationName = Release;
		};
/* End XCConfigurationList section */
	};
	rootObject = E4B69B4C0A3A1720003C02F2 /* Project object */;
}
